# packages/catalog/apis.lock — every engine API route ThusoIQ has frozen, with the fingerprint of its shape.
#
# scripts/check-boundaries.mjs fails the build when a line here is no longer declared, when a declared route is missing
# from here, when a route no longer matches its line, or when two lines share a fingerprint. A new route, or a new
# version of one, is a new line. A route found wrong after it was frozen is withdrawn in its engine file, not removed
# from here. The conventions are the programme's decision, delegated by the founder, awaiting a Head of Engineering.
#
# METHOD path@version fingerprint
POST /v1/core/events@1 a49e4ba07ba3a3d2
POST /v1/core/loops@1 83ed11e10e187bf2
POST /v1/core/loops/{loopRef}/acknowledge@1 6ad7200288f018e8
POST /v1/core/loops/{loopRef}/escalate@1 3a864ae58b2c2ea5
POST /v1/core/loops/{loopRef}/close@1 3e0b7b5701f018ad
POST /v1/core/alerts@1 ac4bbf362ec816ad
GET /v1/core/protocols/{protocolVersionId}@1 c9aed28f80c84b4a
POST /v1/core/protocols/{protocolId}/ratify@1 44566dd64c5219e1
POST /v1/core/permission-checks@1 29a9922a9d36ec82
GET /v1/core/audit-exports@1 826ffa17dd4f4212
POST /v1/access/sign-ins@1 261506d2d188c023
POST /v1/access/sign-ins/{challengeId}/verify@1 89630b8a34de3028
POST /v1/access/sign-ins/{challengeToken}/second-factor@1 86a71403e8ca5f57
GET /v1/access/sessions@1 3b2cd6f09bd96d4c
POST /v1/access/sign-outs@1 37bcf5ea9421617d
POST /v1/access/account-names@1 9e702e80929ec9f6
GET /v1/access/second-factors@1 db0fd400779fd47c
POST /v1/access/second-factors@1 05228ea1ff220e23
POST /v1/access/second-factor-confirmations@1 6b79f095d322234a
POST /v1/access/second-factor-removals@1 1f120c83a9809773
GET /v1/access/account-data@1 75d647171bd9b898
POST /v1/access/erasure-requests@1 46c37c7eb83e67ce
POST /v1/access/erasure-cancellations@1 fd884daf765b6903
POST /v1/access/account-exports@1 9cec850060a3389a
POST /v1/access/correction-requests@1 ebdf0941e8cd0460
GET /v1/access/correction-requests@1 1c5eaffd09dbd2af
GET /v1/access/consent-contract@1 403ff6b047782f88
GET /v1/access/consents@1 38f781b42c426274
POST /v1/access/consents@1 5c6e5c17c8eff8a7
POST /v1/access/consents/{purposeId}/withdraw@1 9a27fbc63b21f362
GET /v1/access/access-log@1 0e354543349859a3
GET /v1/access/subject-requests@1 5334f642ca4b09d0
POST /v1/access/subject-requests/{requestId}/respond@1 d5117a5cec2fc16c
GET /v1/access/health@1 dc68e422ac4765be
GET /v1/access/audit-chain@1 7704d5ad1b978065
POST /v1/access/witness-statements@1 b86643409507216e
GET /v1/access/access-log-integrity@1 7f374035f086d1e8
GET /v1/access/verification-status@1 0a66361608caa5f7
GET /v1/access/rate-limits@1 eadfbb3a6440de8a
GET /v1/access/doors@1 9bc2a8a80e2ebe33
POST /v1/access/bookings@1 5e26646efb40a34c
GET /v1/access/bookings/{bookingRef}@1 b4aa61e40499748f
POST /v1/access/conversations/{conversationRef}/messages@1 08f564e51fd5ae18
POST /v1/access/conversations/{conversationRef}/handover@1 0927adbe36a4cd41
POST /v1/access/tools/{tool}@1 7d619252c26a702d
POST /v1/access/households@1 07ad39f4c201a154
POST /v1/access/sponsors@1 f10da4e28a1b0e6a
POST /v1/access/bill-splits@1 23fabf75e59c643b
POST /v1/care/offers@1 f2d5757df32e37ab
POST /v1/care/offers/{offerRef}/accept@1 79f2f4978b43bf02
POST /v1/care/offers/{offerRef}/decline@1 d715c58c98306701
POST /v1/care/visits/{appointmentRef}/start@1 d26c0a0b690e2010
POST /v1/care/visits/{appointmentRef}/checklist@1 9fc16f7bf4199cd2
POST /v1/care/visits/{appointmentRef}/capture@1 ce2f54de1ccc085d
POST /v1/care/visits/{appointmentRef}/handover@1 6008edf583261d0d
POST /v1/care/visits/{appointmentRef}/complete@1 1c42c1c6ad2560c7
POST /v1/care/sync-batches@1 30b6f3c01e013d2b
GET /v1/care/shifts@1 cbc9eaf93ea2945d
GET /v1/care/services@1 fe8afa579074754c
GET /v1/care/locum-shifts@1 1b74c6c05a836695
GET /v1/care/circuits@1 f422bcfd25a6e2d2
GET /v1/clinical/reviews@1 da0acbff8dcf9853
POST /v1/clinical/reviews/{reviewRef}/sign@1 b2f19febdef02bb0
POST /v1/clinical/consultations@1 035dfabe8d7b5142
POST /v1/clinical/triage@1 11113d1480d19cfd
POST /v1/clinical/results/{resultRef}/acknowledge@1 7c63b3c2b1bd33ad
POST /v1/clinical/guidance@1 73408028e480ddbd
POST /v1/clinical/proms@1 fd18173889ef6009
POST /v1/safety/checkins@1 b067f92313c15368
POST /v1/safety/checkins/{checkinRef}/extend@1 244b95de2a4bdd31
POST /v1/safety/checkins/{checkinRef}/close@1 273e8971fa3a4727
POST /v1/safety/panics@1 1fd4f4314b0bf348
POST /v1/safety/sos@1 43b0ea36541798a4
POST /v1/safety/next-of-kin@1 0dbe09f640f33504
POST /v1/safety/next-of-kin/{nominationRef}/alert@1 25e3aba4cdbd5ec8
POST /v1/safety/safeguarding-reports@1 792f2c4f874fc26e
POST /v1/safety/sentinel-deviations@1 13cff920dfdc72d0
GET /v1/safety/incident-kinds@1 c5207765883124c5
POST /v1/safety/incidents@1 daacf405661b2a4f
POST /v1/safety/incidents/{incidentId}/contain@1 7e99c378eb3334ee
POST /v1/safety/incidents/{incidentId}/notified@1 99d4db6d6653e624
POST /v1/safety/incidents/{incidentId}/close@1 c0ed0c8c8e331e3b
GET /v1/safety/incidents@1 763ecb60c10a678d
POST /v1/movement/trips@1 7c9090a7eb39057d
POST /v1/movement/responder-heartbeats@1 e7ce6af694997979
POST /v1/movement/trips/{tripRef}/accept@1 d693dc8d61979c9e
POST /v1/movement/trips/{tripRef}/decline@1 d8e3c8b1c00a1eaf
POST /v1/movement/trips/{tripRef}/handover@1 aea784a78e07ecb9
GET /v1/movement/facilities@1 29962ca40fb8d93b
POST /v1/movement/admissions@1 7a9d4ac78433b0b1
GET /v1/movement/admissions/{admissionRef}@1 82614035b9f4d8bf
POST /v1/movement/admissions/{admissionRef}/packet@1 63fc2161129c1c66
POST /v1/movement/admissions/{admissionRef}/decision@1 cab7981509f7f27d
POST /v1/movement/admissions/{admissionRef}/arrival@1 c0a11fea06db36d3
POST /v1/movement/admissions/{admissionRef}/handover@1 71ee2618a5f67731
GET /v1/trust/standing@1 5a33664448ce7cfe
GET /v1/trust/parties/{id}@1 860aca46410c88e6
POST /v1/trust/parties@1 c63059f8bafe940c
POST /v1/trust/evidence@1 ffe7ccde3dd09959
POST /v1/trust/evidence/{evidenceId}/open@1 33c00d9b312a3202
POST /v1/trust/evidence/{evidenceId}/decide@1 7f52157f61377f15
POST /v1/trust/evidence/{evidenceId}/second@1 f45ab741a9d7c5c4
POST /v1/trust/parties/{partyId}/suspend@1 4e51e56e4f7ea1df
POST /v1/trust/parties/{partyId}/restore@1 a4b7b6aad10a1d76
POST /v1/trust/identity-callbacks@1 eb5a1907f1497bc5
GET /v1/trust/parties/{partyId}/gates@1 d1f05558883be27e
GET /v1/trust/parties/{partyId}/badge@1 22e83495cbf2f664
POST /v1/trust/shift-starts@1 3f6596518306f9f3
POST /v1/trust/door-verifications@1 b9e36feee4c60f5d
POST /v1/trust/complaints@1 e5e600b947cfdd4b
POST /v1/record/dev-subjects@1 220551602efeab0e
POST /v1/record/session-ends@1 6154cfa74e7f5c48
POST /consent/grant@1 407379b35cd67a4e
POST /consent/revoke@1 d7933fcd297eec52
POST /v1/record/consent-checks@1 4bf1b93276b0d3c5
GET /audit/mine@1 8a33945238b5d76c
POST /breakglass@1 ed1a54ce8f30596c
GET /summary/emergency@1 547644941f08c83f
POST /fhir/{resourceType}@1 a3c72d04b39305a9
GET /fhir/{resourceType}/{id}@1 03108ea27c29d826
GET /fhir/{resourceType}@1 aa872292270eb32a
POST /share/link@1 ba162bf949497de9
POST /export@1 243de25eade53d64
GET /v1/medicines/formulary@1 4a92f84f4acbb206
POST /v1/medicines/interaction-checks@1 812ad09025f7d637
POST /v1/medicines/prescriptions@1 a65d100a5500a3b3
POST /v1/medicines/prescriptions/{prescriptionRef}/verify@1 6561c8d2177f1587
POST /v1/medicines/prescriptions/{prescriptionRef}/dispense@1 02687b312323d23f
POST /v1/medicines/collections@1 5bcb5365657dd620
POST /v1/medicines/collections/{collectionRef}/handover@1 930f09c567809b4b
GET /v1/medicines/orders@1 79befe525bb76bf8
POST /v1/medicines/lab-orders@1 fc30dc3823d7b929
POST /v1/devices/registry@1 6791e8ee70a6c29d
POST /v1/devices/registry/{deviceRef}/recall@1 732b99aa2ce8051e
GET /v1/devices/registry/{deviceRef}/health@1 fdc7f52bf989e7d1
POST /v1/devices/readings@1 9a1bdde9a79f1d52
POST /v1/devices/wearable-links@1 ce12fc39e2e3bcb4
POST /v1/devices/kits@1 a9fff297627463eb
POST /v1/devices/kits/{kitRef}/return@1 6383a97668503c55
POST /v1/devices/kits/{kitRef}/loss@1 a0fba0ba8fbd1b5d
POST /v1/money/payments@1 3aeb3b08dbfa8aa6
GET /v1/money/payouts@1 c5833247c94fc552
POST /v1/money/wallets@1 7cfa660a96e0f34b
POST /v1/money/vouchers@1 e0376973c5bb2541
POST /v1/money/gifts@1 a56f7f8019269bed
POST /v1/money/groups@1 de2f580e7298f8d0
POST /v1/money/claims@1 b2d508a3ebaba9f2
POST /v1/money/market-orders@1 2f8e69a90c4bdcb5
POST /v1/clinical/triage@2 a8a371c00392e232
POST /v1/money/claims@2 0f16f514c00f878a
POST /v1/money/payments@2 1791cf2e1a604347
POST /v1/money/payments/{paymentRef}/cash-code@1 99258984aa6cc54b
POST /v1/money/payments/{paymentRef}/release@1 e45dcb6e09583bc3
POST /v1/access/bookings/{bookingRef}/cancel@1 fba3f9ec80279e01
GET /v1/access/visit-threads/{bookingRef}@1 cbe1a7fc9e818c57
POST /v1/access/visit-threads/{bookingRef}/messages@1 ce20bca270a493da
GET /v1/core/loops@1 fee5ad15f2887537
POST /v1/core/alerts@2 6dc3dae4de80864f
GET /v1/safety/settings@1 6f6de632fdd22e1f
POST /v1/safety/setting-changes@1 46270bd875fbfa39
GET /v1/care/settings@1 562977e7214aeb55
POST /v1/care/setting-changes@1 6b34337436bb99d9
POST /v1/care/setting-reviews@1 4f4e6bcc7784352b
GET /v1/safety/settings@2 36ed327835fb428e
POST /v1/safety/setting-changes@2 0a83f3647d71f0f1
GET /v1/money/settings@1 3dc2210baa1feb11
POST /v1/money/setting-changes@1 6bcc02f7d68e34a3
GET /v1/core/loops@2 0a2c645e0fe2129e
POST /v1/core/loops/{loopRef}/acknowledge@2 e6f2b968aee95552
POST /v1/core/loops/{loopRef}/escalate@2 0fd50d01c711911e
GET /v1/core/settings@1 57398bf4f3e2c1b9
POST /v1/core/setting-changes@1 c80982cbae4735b4
GET /v1/access/settings@1 877af293b2f402fa
POST /v1/access/setting-changes@1 995074f2284cabc1
POST /v1/access/setting-reviews@1 f6bf985ab5c9836f
POST /v1/access/bookings@2 7724d66e1e54b6dc
POST /v1/access/conversations/{conversationRef}/handover@2 f06981056ff156cb
