# packages/catalog/apis.callers.lock — who may call every frozen route, for what, and on which engine's justification.
#
# Written out rather than hashed, so the build can tell a narrowing from a widening. A route may have more than one line:
# each later one is a narrowing appended by `npm run apis -- --record-narrowing`, and the narrowest is in force. A route
# naming a caller, a purpose or a justification its narrowest line does not is refused, and is a new version instead.
# Seeded on 15 September 2026 from the tree as it stood. New routes are appended by `npm run apis -- --seed-new`.
#
# METHOD path@version callers=<ids or -> purpose=<ids or -> because=<engine:id=event@version or ->
POST /v1/core/events@1 callers=engine:access,engine:care,engine:clinical,engine:devices,engine:medicines,engine:money,engine:movement,engine:pulse,engine:record,engine:safety,engine:trust purpose=audit because=engine:access=booking.requested@1,engine:care=appointment.requested@1,engine:clinical=triage.completed@2,engine:devices=reading.ingested@1,engine:medicines=prescription.prescribed@1,engine:money=payment.succeeded@1,engine:movement=trip.requested@1,engine:pulse=pulse.session.started@1,engine:record=passport.record.created@1,engine:safety=sos.raised@1,engine:trust=credential.lapsed@1
POST /v1/core/loops@1 callers=engine:access,engine:care,engine:medicines,engine:movement,engine:safety purpose=dispatch,emergency,treatment because=engine:access=conversation.handover@1,engine:care=appointment.follow_up_required@1,engine:medicines=lab.result.received@1,engine:movement=admission.waitlisted@1,engine:safety=checkin.overdue@1
GET /v1/core/loops@1 callers=- purpose=dispatch,emergency,treatment because=-
GET /v1/core/loops@2 callers=operator,ops-desk purpose=dispatch,emergency,treatment because=-
POST /v1/core/loops/{loopRef}/acknowledge@1 callers=- purpose=dispatch,emergency,treatment because=engine:care=loop.opened@1,engine:safety=loop.opened@1
POST /v1/core/loops/{loopRef}/acknowledge@2 callers=doctor,engine:care,engine:safety,nurse,operator,ops-desk purpose=dispatch,emergency,treatment because=engine:care=loop.opened@1,engine:safety=loop.opened@1
POST /v1/core/loops/{loopRef}/escalate@1 callers=- purpose=dispatch,emergency,treatment because=engine:safety=loop.opened@1
POST /v1/core/loops/{loopRef}/escalate@2 callers=engine:safety,operator,ops-desk purpose=dispatch,emergency,treatment because=engine:safety=loop.opened@1
POST /v1/core/loops/{loopRef}/close@1 callers=doctor,nurse,ops-desk purpose=dispatch,emergency,treatment because=-
POST /v1/core/alerts@1 callers=- purpose=emergency,treatment because=-
POST /v1/core/alerts@2 callers=engine:clinical,engine:devices,engine:medicines,engine:safety purpose=emergency,treatment because=engine:clinical=triage.completed@2,engine:devices=device.stale@1,engine:medicines=lab.result.received@1,engine:safety=sentinel.rung_raised@1
GET /v1/core/settings@1 callers=admin purpose=audit because=-
POST /v1/core/setting-changes@1 callers=admin purpose=audit because=-
GET /v1/core/protocols/{protocolVersionId}@1 callers=doctor,engine:care,engine:clinical,engine:medicines,engine:safety,medical-director,nurse purpose=treatment because=engine:care=protocol.ratified@1,engine:clinical=protocol.ratified@1,engine:medicines=protocol.ratified@1,engine:safety=protocol.ratified@1
POST /v1/core/protocols/{protocolId}/ratify@1 callers=medical-director purpose=audit because=-
POST /v1/core/permission-checks@1 callers=engine:access,engine:care,engine:clinical,engine:medicines,engine:movement purpose=audit because=engine:access=booking.requested@1,engine:care=appointment.booked@1,engine:clinical=review.signed@1,engine:medicines=prescription.prescribed@1,engine:movement=trip.accepted@1
GET /v1/core/audit-exports@1 callers=operator purpose=audit because=-
POST /v1/access/sign-ins@1 callers=anonymous purpose=subject-access because=-
POST /v1/access/sign-ins/{challengeId}/verify@1 callers=anonymous purpose=subject-access because=-
POST /v1/access/sign-ins/{challengeToken}/second-factor@1 callers=anonymous purpose=subject-access because=-
GET /v1/access/sessions@1 callers=self purpose=subject-access because=-
POST /v1/access/sign-outs@1 callers=anonymous purpose=subject-access because=-
POST /v1/access/account-names@1 callers=self purpose=subject-access because=-
GET /v1/access/second-factors@1 callers=self purpose=subject-access because=-
POST /v1/access/second-factors@1 callers=self purpose=subject-access because=-
POST /v1/access/second-factor-confirmations@1 callers=self purpose=subject-access because=-
POST /v1/access/second-factor-removals@1 callers=self purpose=subject-access because=-
GET /v1/access/account-data@1 callers=self purpose=subject-access because=-
POST /v1/access/erasure-requests@1 callers=self purpose=subject-access because=-
POST /v1/access/erasure-cancellations@1 callers=self purpose=subject-access because=-
POST /v1/access/account-exports@1 callers=self purpose=subject-access because=-
POST /v1/access/correction-requests@1 callers=self purpose=subject-access because=-
GET /v1/access/correction-requests@1 callers=self purpose=subject-access because=-
GET /v1/access/consent-contract@1 callers=anonymous purpose=subject-access because=-
GET /v1/access/consents@1 callers=self purpose=subject-access because=-
POST /v1/access/consents@1 callers=self purpose=subject-access because=-
POST /v1/access/consents/{purposeId}/withdraw@1 callers=self purpose=subject-access because=-
GET /v1/access/access-log@1 callers=self purpose=subject-access because=-
GET /v1/access/subject-requests@1 callers=admin purpose=audit because=-
POST /v1/access/subject-requests/{requestId}/respond@1 callers=admin purpose=audit because=-
GET /v1/access/health@1 callers=anonymous purpose=audit because=-
GET /v1/access/audit-chain@1 callers=loopback purpose=audit because=-
POST /v1/access/witness-statements@1 callers=loopback purpose=audit because=-
GET /v1/access/access-log-integrity@1 callers=loopback purpose=audit because=-
GET /v1/access/verification-status@1 callers=loopback purpose=audit because=-
GET /v1/access/rate-limits@1 callers=loopback purpose=audit because=-
GET /v1/access/doors@1 callers=anonymous purpose=audit because=-
POST /v1/access/bookings@1 callers=caregiver,guardian,patient,thuso-line-agent purpose=dispatch because=-
GET /v1/access/bookings/{bookingRef}@1 callers=caregiver,guardian,patient,thuso-line-agent purpose=dispatch,subject-access because=-
POST /v1/access/conversations/{conversationRef}/messages@1 callers=caregiver,patient purpose=treatment because=-
POST /v1/access/conversations/{conversationRef}/handover@1 callers=caregiver,patient purpose=treatment because=-
POST /v1/access/tools/{tool}@1 callers=caregiver,patient purpose=dispatch,dispensing,subject-access,treatment because=-
POST /v1/access/households@1 callers=caregiver,patient purpose=subject-access because=-
POST /v1/access/sponsors@1 callers=patient,sponsor purpose=billing because=-
POST /v1/access/bill-splits@1 callers=caregiver,patient,sponsor purpose=billing because=-
POST /v1/access/bookings/{bookingRef}/cancel@1 callers=caregiver,guardian,patient,thuso-line-agent purpose=dispatch because=-
GET /v1/access/visit-threads/{bookingRef}@1 callers=caregiver,guardian,nurse,patient purpose=dispatch because=-
POST /v1/access/visit-threads/{bookingRef}/messages@1 callers=caregiver,guardian,nurse,patient purpose=dispatch because=-
GET /v1/access/settings@1 callers=admin,doctor purpose=audit because=-
POST /v1/access/setting-changes@1 callers=admin purpose=audit because=-
POST /v1/access/setting-reviews@1 callers=doctor purpose=audit because=-
POST /v1/care/offers@1 callers=dispatcher purpose=dispatch because=-
POST /v1/care/offers/{offerRef}/accept@1 callers=locum,nurse purpose=dispatch because=-
POST /v1/care/offers/{offerRef}/decline@1 callers=locum,nurse purpose=dispatch because=-
POST /v1/care/visits/{appointmentRef}/start@1 callers=locum,nurse purpose=treatment because=-
POST /v1/care/visits/{appointmentRef}/checklist@1 callers=locum,nurse purpose=treatment because=-
POST /v1/care/visits/{appointmentRef}/capture@1 callers=locum,nurse purpose=treatment because=-
POST /v1/care/visits/{appointmentRef}/handover@1 callers=locum,nurse purpose=treatment because=-
POST /v1/care/visits/{appointmentRef}/complete@1 callers=locum,nurse purpose=treatment because=-
POST /v1/care/sync-batches@1 callers=locum,nurse purpose=treatment because=-
GET /v1/care/shifts@1 callers=dispatcher,locum,nurse purpose=dispatch because=-
GET /v1/care/services@1 callers=caregiver,dispatcher,nurse,patient,thuso-line-agent purpose=dispatch because=-
GET /v1/care/locum-shifts@1 callers=locum purpose=dispatch because=-
GET /v1/care/circuits@1 callers=dispatcher,nurse purpose=dispatch because=-
GET /v1/care/settings@1 callers=admin,doctor purpose=audit because=-
POST /v1/care/setting-changes@1 callers=admin purpose=audit because=-
POST /v1/care/setting-reviews@1 callers=doctor purpose=audit because=-
GET /v1/clinical/reviews@1 callers=doctor purpose=treatment because=-
POST /v1/clinical/reviews/{reviewRef}/sign@1 callers=doctor purpose=treatment because=-
POST /v1/clinical/consultations@1 callers=doctor,nurse purpose=treatment because=-
POST /v1/clinical/triage@1 callers=- purpose=treatment because=-
POST /v1/clinical/triage@2 callers=doctor,nurse purpose=treatment because=-
POST /v1/clinical/results/{resultRef}/acknowledge@1 callers=doctor,nurse purpose=diagnostics because=-
POST /v1/clinical/guidance@1 callers=doctor,engine:access,nurse purpose=treatment because=engine:access=triage.completed@2
POST /v1/clinical/proms@1 callers=patient purpose=treatment because=-
POST /v1/safety/checkins@1 callers=locum,nurse,responder purpose=dispatch because=-
POST /v1/safety/checkins/{checkinRef}/extend@1 callers=locum,nurse,responder purpose=dispatch because=-
POST /v1/safety/checkins/{checkinRef}/close@1 callers=locum,nurse,responder purpose=dispatch because=-
POST /v1/safety/panics@1 callers=courier,locum,nurse,responder purpose=emergency because=-
GET /v1/safety/settings@1 callers=- purpose=audit because=-
POST /v1/safety/setting-changes@1 callers=- purpose=audit because=-
GET /v1/safety/settings@2 callers=admin,operator purpose=audit because=-
POST /v1/safety/setting-changes@2 callers=admin,operator purpose=audit because=-
POST /v1/safety/sos@1 callers=caregiver,patient purpose=emergency because=-
POST /v1/safety/next-of-kin@1 callers=patient purpose=subject-access because=-
POST /v1/safety/next-of-kin/{nominationRef}/alert@1 callers=engine:core,ops-desk purpose=emergency because=engine:core=loop.escalated@1
POST /v1/safety/safeguarding-reports@1 callers=courier,doctor,locum,nurse,responder,thuso-line-agent purpose=emergency because=-
POST /v1/safety/sentinel-deviations@1 callers=engine:devices purpose=treatment because=engine:devices=reading.ingested@1
GET /v1/safety/incident-kinds@1 callers=anonymous purpose=audit because=-
POST /v1/safety/incidents@1 callers=admin,corner,courier,doctor,employer,guardian,interpreter,laboratory,locum,nurse,operator,pharmacy,sponsor purpose=audit because=-
POST /v1/safety/incidents/{incidentId}/contain@1 callers=admin,incident-reporter purpose=audit because=-
POST /v1/safety/incidents/{incidentId}/notified@1 callers=admin purpose=audit because=-
POST /v1/safety/incidents/{incidentId}/close@1 callers=admin purpose=audit because=-
GET /v1/safety/incidents@1 callers=admin purpose=audit because=-
POST /v1/movement/trips@1 callers=dispatcher,doctor,nurse,thuso-line-agent purpose=dispatch because=-
POST /v1/movement/responder-heartbeats@1 callers=responder purpose=dispatch because=-
POST /v1/movement/trips/{tripRef}/accept@1 callers=responder purpose=dispatch because=-
POST /v1/movement/trips/{tripRef}/decline@1 callers=responder purpose=dispatch because=-
POST /v1/movement/trips/{tripRef}/handover@1 callers=responder purpose=dispatch because=-
GET /v1/movement/facilities@1 callers=caregiver,doctor,nurse,ops-desk,patient,thuso-line-agent purpose=dispatch because=-
POST /v1/movement/admissions@1 callers=doctor,nurse,ops-desk purpose=dispatch because=-
GET /v1/movement/admissions/{admissionRef}@1 callers=caregiver,doctor,nurse,ops-desk,patient purpose=dispatch because=-
POST /v1/movement/admissions/{admissionRef}/packet@1 callers=doctor,nurse,ops-desk purpose=treatment because=-
POST /v1/movement/admissions/{admissionRef}/decision@1 callers=facility-desk,ops-desk purpose=dispatch because=-
POST /v1/movement/admissions/{admissionRef}/arrival@1 callers=facility-desk purpose=treatment because=-
POST /v1/movement/admissions/{admissionRef}/handover@1 callers=facility-desk purpose=treatment because=-
GET /v1/trust/standing@1 callers=self purpose=vetting because=-
GET /v1/trust/parties/{id}@1 callers=admin purpose=vetting because=-
POST /v1/trust/parties@1 callers=admin purpose=vetting because=-
POST /v1/trust/evidence@1 callers=admin,self purpose=vetting because=-
POST /v1/trust/evidence/{evidenceId}/open@1 callers=admin,self purpose=vetting because=-
POST /v1/trust/evidence/{evidenceId}/decide@1 callers=admin purpose=vetting because=-
POST /v1/trust/evidence/{evidenceId}/second@1 callers=admin purpose=vetting because=-
POST /v1/trust/parties/{partyId}/suspend@1 callers=admin purpose=vetting because=-
POST /v1/trust/parties/{partyId}/restore@1 callers=admin purpose=vetting because=-
POST /v1/trust/identity-callbacks@1 callers=kyc-provider purpose=vetting because=-
GET /v1/trust/parties/{partyId}/gates@1 callers=admin,self purpose=vetting because=-
GET /v1/trust/parties/{partyId}/badge@1 callers=caregiver,dispatcher,nurse,patient purpose=dispatch because=-
POST /v1/trust/shift-starts@1 callers=courier,locum,nurse,responder purpose=vetting because=-
POST /v1/trust/door-verifications@1 callers=caregiver,patient purpose=vetting because=-
POST /v1/trust/complaints@1 callers=caregiver,patient,thuso-line-agent purpose=vetting because=-
POST /v1/record/dev-subjects@1 callers=developer purpose=audit because=-
POST /v1/record/session-ends@1 callers=patient purpose=subject-access because=-
POST /consent/grant@1 callers=patient purpose=subject-access because=-
POST /consent/revoke@1 callers=patient purpose=subject-access because=-
POST /v1/record/consent-checks@1 callers=care-coordinator,caregiver,doctor-assigned,next-of-kin,nurse-assigned,pharmacist purpose=dispatch,dispensing,emergency,treatment because=-
GET /audit/mine@1 callers=patient purpose=subject-access because=-
POST /breakglass@1 callers=dispatch-desk,registered-clinician purpose=emergency because=-
GET /summary/emergency@1 callers=caregiver,doctor-assigned,next-of-kin,nurse-assigned,patient,pharmacist,responder-on-trip purpose=emergency,treatment because=-
POST /fhir/{resourceType}@1 callers=doctor-assigned,nurse-assigned,patient,pharmacist purpose=dispensing,subject-access,treatment because=-
GET /fhir/{resourceType}/{id}@1 callers=care-coordinator,caregiver,doctor-assigned,next-of-kin,nurse-assigned,patient,pharmacist purpose=dispensing,subject-access,treatment because=-
GET /fhir/{resourceType}@1 callers=care-coordinator,caregiver,doctor-assigned,next-of-kin,nurse-assigned,patient,pharmacist purpose=dispensing,subject-access,treatment because=-
POST /share/link@1 callers=patient,responder-on-trip purpose=emergency,treatment because=-
POST /export@1 callers=patient purpose=subject-access because=-
GET /v1/medicines/formulary@1 callers=doctor,nurse,pharmacist purpose=dispensing because=-
POST /v1/medicines/interaction-checks@1 callers=doctor,pharmacist purpose=dispensing,treatment because=-
POST /v1/medicines/prescriptions@1 callers=doctor purpose=treatment because=-
POST /v1/medicines/prescriptions/{prescriptionRef}/verify@1 callers=pharmacist purpose=dispensing because=-
POST /v1/medicines/prescriptions/{prescriptionRef}/dispense@1 callers=pharmacist,pharmacy purpose=dispensing because=-
POST /v1/medicines/collections@1 callers=courier,nurse,responder purpose=dispensing because=-
POST /v1/medicines/collections/{collectionRef}/handover@1 callers=courier,nurse,responder purpose=dispensing because=-
GET /v1/medicines/orders@1 callers=pharmacy purpose=dispensing because=-
POST /v1/medicines/lab-orders@1 callers=doctor,nurse purpose=diagnostics because=-
POST /v1/devices/registry@1 callers=operator purpose=treatment because=-
POST /v1/devices/registry/{deviceRef}/recall@1 callers=operator purpose=audit because=-
GET /v1/devices/registry/{deviceRef}/health@1 callers=nurse,operator purpose=treatment because=-
POST /v1/devices/readings@1 callers=locum,nurse,patient purpose=treatment because=-
POST /v1/devices/wearable-links@1 callers=patient purpose=treatment because=-
POST /v1/devices/kits@1 callers=nurse,operator purpose=audit because=-
POST /v1/devices/kits/{kitRef}/return@1 callers=operator purpose=audit because=-
POST /v1/devices/kits/{kitRef}/loss@1 callers=nurse,operator purpose=audit because=-
POST /v1/money/payments@1 callers=caregiver,patient,sponsor purpose=billing because=-
GET /v1/money/payouts@1 callers=doctor,locum,nurse purpose=billing because=-
POST /v1/money/payments@2 callers=caregiver,patient,sponsor purpose=billing because=-
POST /v1/money/payments/{paymentRef}/cash-code@1 callers=nurse purpose=billing because=-
POST /v1/money/payments/{paymentRef}/release@1 callers=ops-desk purpose=billing because=-
POST /v1/money/wallets@1 callers=caregiver,patient purpose=billing because=-
POST /v1/money/vouchers@1 callers=caregiver,corner,patient,sponsor purpose=billing because=-
POST /v1/money/gifts@1 callers=caregiver,sponsor purpose=billing because=-
POST /v1/money/groups@1 callers=employer,patient,sponsor purpose=billing because=-
POST /v1/money/claims@1 callers=- purpose=billing because=-
POST /v1/money/claims@2 callers=admin purpose=billing because=-
POST /v1/money/market-orders@1 callers=caregiver,patient purpose=billing because=-
GET /v1/money/settings@1 callers=admin purpose=audit because=-
POST /v1/money/setting-changes@1 callers=admin purpose=audit because=-
POST /v1/access/bookings@2 callers=caregiver,guardian,patient,thuso-line-agent purpose=dispatch because=-
POST /v1/access/conversations/{conversationRef}/handover@2 callers=caregiver,patient purpose=treatment because=-
POST /v1/access/bookings@1 callers=- purpose=dispatch because=-
POST /v1/access/conversations/{conversationRef}/handover@1 callers=- purpose=treatment because=-
POST /v1/care/offers@2 callers=dispatcher purpose=dispatch because=-
POST /v1/care/visits/{appointmentRef}/handover@2 callers=locum,nurse purpose=treatment because=-
POST /v1/care/visits/{appointmentRef}/complete@2 callers=locum,nurse purpose=treatment because=-
POST /v1/care/sync-batches@2 callers=locum,nurse purpose=treatment because=-
GET /v1/record/encounter-statuses/{encounterRef}@1 callers=engine:care purpose=treatment because=engine:care=passport.entry.written@1
POST /v1/care/offers@1 callers=- purpose=dispatch because=-
POST /v1/care/visits/{appointmentRef}/handover@1 callers=- purpose=treatment because=-
POST /v1/care/visits/{appointmentRef}/complete@1 callers=- purpose=treatment because=-
POST /v1/care/sync-batches@1 callers=- purpose=treatment because=-
GET /v1/safety/checkins@1 callers=locum,nurse,responder purpose=dispatch because=-
POST /v1/safety/checkins/{checkinRef}/extend@2 callers=locum,nurse,responder purpose=dispatch because=-
POST /v1/safety/checkins/{checkinRef}/safe@1 callers=locum,nurse,responder purpose=dispatch because=-
POST /v1/safety/checkins/{checkinRef}/close@2 callers=locum,nurse,responder purpose=dispatch because=-
POST /v1/safety/overdue-checkins/{checkinRef}/pick-up@1 callers=operator purpose=dispatch because=-
POST /v1/safety/overdue-checkins/{checkinRef}/close@1 callers=operator purpose=dispatch because=-
POST /v1/safety/panics/{panicRef}/pick-up@1 callers=operator purpose=emergency because=-
POST /v1/safety/panics/{panicRef}/resolve@1 callers=operator purpose=emergency because=-
GET /v1/safety/panics/{panicRef}/position@1 callers=operator purpose=emergency because=-
GET /v1/safety/desk-queue@1 callers=operator purpose=dispatch,emergency because=-
POST /v1/safety/checkins/{checkinRef}/extend@1 callers=- purpose=dispatch because=-
POST /v1/safety/checkins/{checkinRef}/close@1 callers=- purpose=dispatch because=-
POST /v1/money/payments/{paymentRef}/cash-code@2 callers=nurse purpose=billing because=-
POST /v1/money/payments/{paymentRef}/release@2 callers=ops-desk purpose=billing because=-
POST /v1/money/payments/{paymentRef}/cash-code@1 callers=- purpose=billing because=-
POST /v1/money/payments/{paymentRef}/release@1 callers=- purpose=billing because=-
POST /v1/core/loops/{loopRef}/acknowledge@3 callers=doctor,engine:care,engine:safety,head-of-operations,nurse,operator,ops-desk purpose=dispatch,emergency,treatment because=engine:care=loop.opened@1,engine:safety=loop.opened@1
POST /v1/core/loops/{loopRef}/escalate@3 callers=engine:safety,head-of-operations,operator,ops-desk purpose=dispatch,emergency,treatment because=engine:safety=loop.opened@1
POST /v1/core/loops/{loopRef}/close@2 callers=doctor,head-of-operations,nurse,operator,ops-desk purpose=dispatch,emergency,treatment because=-
POST /v1/safety/incidents@2 callers=admin,carer,corner,courier,doctor,employer,guardian,head-of-operations,interpreter,laboratory,locum,nurse,operator,pharmacy,sponsor purpose=audit because=-
POST /v1/core/loops/{loopRef}/acknowledge@2 callers=- purpose=dispatch,emergency,treatment because=engine:care=loop.opened@1,engine:safety=loop.opened@1
POST /v1/core/loops/{loopRef}/escalate@2 callers=- purpose=dispatch,emergency,treatment because=engine:safety=loop.opened@1
POST /v1/core/loops/{loopRef}/close@1 callers=- purpose=dispatch,emergency,treatment because=-
POST /v1/safety/incidents@1 callers=- purpose=audit because=-
POST /v1/safety/incidents@3 callers=admin,carer,corner,courier,doctor,employer,engine:trust,guardian,head-of-operations,interpreter,laboratory,locum,nurse,operator,pharmacy,sponsor purpose=audit because=engine:trust=trust.door.mismatched@1
POST /v1/trust/shift-starts@2 callers=courier,locum,nurse,responder purpose=vetting because=-
GET /v1/trust/shift-starts@1 callers=admin,operator purpose=dispatch because=-
POST /v1/trust/door-codes@1 callers=locum,nurse purpose=vetting because=-
POST /v1/trust/door-verifications@2 callers=caregiver,patient purpose=vetting because=-
POST /v1/trust/door-verifications/{appointmentRef}/answer@1 callers=caregiver,patient purpose=vetting because=-
POST /v1/trust/complaints@2 callers=caregiver,patient,thuso-line-agent purpose=vetting because=-
GET /v1/trust/complaints@1 callers=admin purpose=vetting because=-
GET /v1/trust/complaints/{complaintRef}@1 callers=admin purpose=vetting because=-
POST /v1/trust/complaints/{complaintRef}/decide@1 callers=admin purpose=vetting because=-
GET /v1/trust/complaint-notices@1 callers=locum,nurse purpose=vetting because=-
GET /v1/trust/settings@1 callers=admin,operator purpose=audit because=-
POST /v1/trust/setting-changes@1 callers=admin,operator purpose=audit because=-
GET /v1/trust/parties/{partyId}/gates@1 callers=admin purpose=vetting because=-
POST /v1/trust/shift-starts@1 callers=- purpose=vetting because=-
POST /v1/trust/door-verifications@1 callers=- purpose=vetting because=-
POST /v1/trust/complaints@1 callers=- purpose=vetting because=-
