# packages/catalog/events.lock — every event type@version ThusoIQ Core has frozen, with the fingerprint of its type and shape.
#
# scripts/check-boundaries.mjs fails the build when a line here is no longer declared, when a declared event is
# missing from here, when an event no longer matches its line, or when two lines share a fingerprint.
# A new event, or a new version of one, is a new line. A version found wrong after it was frozen is withdrawn in
# its contract, not removed from here: its line stays as the record of what engines were built against.
#
# Every line was re-locked on 14 September 2026, in one change, when the fingerprint gained the event type and
# version: person.under_review@1 and person.deactivated@1 had the same owner and payload and so the same print.
#
# type@version fingerprint
appointment.requested@1 bc7aa4ce593296b1
appointment.offered@1 f7e92799196fe0ff
appointment.booked@1 2ac203fd1f0c3ea7
appointment.confirmed@1 3e7f99ac39f1515f
appointment.en_route@1 ae70026cc76d7a46
appointment.in_progress@1 948f70b44ac9e969
appointment.completed@1 c6ff98253cd7fbb0
appointment.no_show@1 8c0a5fdb2831545b
appointment.cancelled@1 ae53168eca6abb4d
appointment.follow_up_required@1 0ced39049a587b4d
person.verified@1 bebe26d8ce8652b9
person.probation@1 cf6617e91e8e3d97
person.trust_updated@1 d8b64c5ac220d038
person.trust_updated@2 1c84f19889f925dc
person.under_review@1 7c07e2c9df12431f
person.suspended@1 01c4c846e0821843
person.reinstated@1 5092a8991d05a391
person.deactivated@1 4f159ae4523cb247
credential.expiring@1 9d733bbae4565a0d
credential.lapsed@1 53ce35c777b57065
partner.verified@1 8ed93696a0510397
partner.suspended@1 394ce75366cd9665
passport.record.created@1 e67089c273fe777b
passport.entry.written@1 71aa8a7c186a2e60
passport.entry.superseded@1 bfa20506da0581d1
passport.consent.granted@1 268b16480e42cdde
passport.consent.granted@2 7936502544bd7a97
passport.consent.revoked@1 3f6ab655b3a41985
passport.consent.revoked@2 88fe330899145748
passport.access.read@1 06dc2c2365ab8433
passport.access.breakglass@1 1460df1103c340ae
passport.export.generated@1 ff1662820024c929
alert.raised@1 fb15cbe180191c7d
alert.acknowledged@1 e42d8ed931148f30
alert.escalated@1 7a16b437abf15055
alert.closed@1 d17ec45666e9a110
market.order.placed@1 273f66934df3b992
market.order.paid@1 5f1cc1d9841327ab
market.order.shipped@1 c824248f2178b66f
market.order.delivered@1 4d61eaabca8f5340
market.order.returned@1 e80cbc9d3604a326
pulse.session.started@1 378edd962d2888d9
pulse.listening.started@1 1c8db2ea32792e48
pulse.utterance.finalised@1 392a3c9d07c5fff1
pulse.thinking.started@1 7dcb9157c1468982
pulse.device.highlight@1 9e7b6aa0444644b7
pulse.guidance.presented@1 5327312e6526a0a1
pulse.escalation.started@1 40b17080dd0990b8
pulse.handover.completed@1 78aa71fbaa11060d
trust.weight.decided@1 689ab2b6cb5dc6b1
trust.weight.decided@2 9979d07852e17e62
trust.dispatch.withheld@1 4c49c316a9628f4a
record.breakglass.review_due@1 5188c8a7f3bb1424
record.audit.chain_broken@1 cc682ddba72a90ff
passport.consent.granted@3 d80fd2d70ee4cb6f
passport.consent.revoked@3 2cbd917e7bfa2d84
pulse.escalation.started@2 27811c610e4f71a8
pulse.utterance.finalised@2 731fbc69346198ec
loop.opened@1 39973325664562e0
loop.acknowledged@1 a4ef18dc7d73d5a8
loop.escalated@1 5539a6620b1d927d
loop.closed@1 38d0a7ff911aaab0
protocol.ratified@1 0623a0e159cb9fe8
booking.requested@1 4f7bebcc236e569c
booking.confirmed@1 1691c8ca7174348a
booking.cancelled@1 804f2a952f66ee32
conversation.handover@1 22bc7db851c3a75d
visit.handover.submitted@1 9091d8c0323affa3
triage.completed@1 25d9cadda40438a0
review.signed@1 8bca10b44ca18e47
result.acknowledged@1 cd44e2829f9f4cf3
guidance.delivered@1 c512d2cadff994fa
checkin.overdue@1 66f844e98286b641
panic.raised@1 2523d4214da6bd1c
sos.raised@1 26bf728265c379e8
nok.notified@1 37a86db4dc4c81b5
sentinel.tier_raised@1 561ca82596acf27d
safeguarding.reported@1 836d2e38f672b088
admission.need_identified@1 6f9a2255c3529cce
facility.candidate_selected@1 a86aef0702301bd8
admission.preauth.submitted@1 d791a981f88baa49
admission.preauth.decided@1 c18ddc9c2147a2fc
admission.requested@1 ddea26c076a2ae20
admission.accepted@1 82520dc03d2307cf
admission.waitlisted@1 3e92da551ce18545
admission.declined@1 4ea26527862a3ff0
transport.enroute@1 ae688801089bbfa3
admission.arrived@1 f57f22d377096318
triage.verified@1 d2eb7f46484901ac
admission.handover_complete@1 ec80865927bc7475
trip.requested@1 9240939fa3739e3d
trip.accepted@1 41a0a540bee345be
trust.shift_start.matched@1 da364dd760551ff2
trust.shift_start.refused@1 4e4b57d143cf5156
trust.door.verified@1 cb2dd069438bc900
trust.door.mismatched@1 7a35d54c5a828891
passport.share.link_created@1 8df89f2bfa627d62
passport.share.link_used@1 5d46fce179154ae0
passport.anomaly.detected@1 abe98e1fc9a4f471
passport.admission.detected@1 b78b988dec59172b
passport.discharge.received@1 37970fe092295b74
prescription.prescribed@1 ac10e3c7236b6033
prescription.verified@1 d5f6e3ed1bff1037
dispense.completed@1 5088cdfaa351def7
delivery.collected@1 9f3bc5e8461d5878
delivery.handed_over@1 9c375bc8fe4d5e16
lab.order.placed@1 71b12428d55d7452
lab.result.received@1 9e2f671fb44b6cee
reading.ingested@1 20ec72b6f4c36448
device.stale@1 527948287e9f62a0
device.recalled@1 ede0a07c89644001
payment.succeeded@1 be5039b72b192efa
payment.failed@1 499ea428c4c08540
payout.scheduled@1 7a16833b6e766582
payout.paid@1 c4b2104d9ee4d3ea
claim.submitted@1 8f1cad984ffdc379
claim.decided@1 78668ee36c5bee94
triage.completed@2 2c64f8174709f817
sentinel.rung_raised@1 cf360b6858b7d0af
claim.submitted@2 9afa8f9f019440b3
visit.billable@1 555b7a8cba46d934
review.billable@1 4b8b342eb83b4b1a
booking.requested@2 fea53e4e5c970ff9
booking.confirmed@2 1d0e3295ccc42297
appointment.booked@2 a37b6fca224f5d07
appointment.in_progress@2 e0010d04702852a8
appointment.completed@2 35e55b857fb8e390
panic.resolved@1 802fbe60c5f3e3c6
payment.refunded@1 ef4d06064e61318f
