// !$*UTF8*$!
{ archiveVersion = 1; classes = {}; objectVersion = 56; objects = {
63B112953C1D89BC4E6927D0 = { isa = PBXFileReference; lastKnownFileType = sourcecode.swift; path = "MyThuso/Features/LiveWellView.swift"; sourceTree = "<group>"; };
		A11ACCE55B00000000000TQ1 = { isa = PBXFileReference; lastKnownFileType = sourcecode.swift; path = "MyThuso/Models/ThusoIQData.swift"; sourceTree = "<group>"; };
		A11ACCE55B00000000000TQ2 = { isa = PBXBuildFile; fileRef = A11ACCE55B00000000000TQ1; };
		A11ACCE55B00000000000EV1 = { isa = PBXFileReference; lastKnownFileType = sourcecode.swift; path = "MyThuso/Models/EventsData.swift"; sourceTree = "<group>"; };
		A11ACCE55B00000000000EV2 = { isa = PBXBuildFile; fileRef = A11ACCE55B00000000000EV1; };
		A11ACCE55B00000000000AP1 = { isa = PBXFileReference; lastKnownFileType = sourcecode.swift; path = "MyThuso/Models/ApisData.swift"; sourceTree = "<group>"; };
		A11ACCE55B00000000000AP2 = { isa = PBXBuildFile; fileRef = A11ACCE55B00000000000AP1; };
		A11ACCE55B00000000000CG1 = { isa = PBXFileReference; lastKnownFileType = sourcecode.swift; path = "MyThuso/Models/ConsentGrantsData.swift"; sourceTree = "<group>"; };
		A11ACCE55B00000000000CG2 = { isa = PBXBuildFile; fileRef = A11ACCE55B00000000000CG1; };
		A11ACCE55B00000000000PR1 = { isa = PBXFileReference; lastKnownFileType = sourcecode.swift; path = "MyThuso/Models/ProtocolsData.swift"; sourceTree = "<group>"; };
		A11ACCE55B00000000000PR2 = { isa = PBXBuildFile; fileRef = A11ACCE55B00000000000PR1; };
		A11ACCE55B00000000000S01 = { isa = PBXFileReference; lastKnownFileType = sourcecode.swift; path = "MyThuso/Models/ShopData.swift"; sourceTree = "<group>"; };
		A11ACCE55B00000000000S02 = { isa = PBXBuildFile; fileRef = A11ACCE55B00000000000S01; };
		A11ACCE55B00000000000MP1 = { isa = PBXFileReference; lastKnownFileType = sourcecode.swift; path = "MyThuso/Models/Plans.swift"; sourceTree = "<group>"; };
		A11ACCE55B00000000000MP2 = { isa = PBXBuildFile; fileRef = A11ACCE55B00000000000MP1; };
		A11ACCE55B00000000000MP3 = { isa = PBXFileReference; lastKnownFileType = sourcecode.swift; path = "MyThuso/Models/PlansData.swift"; sourceTree = "<group>"; };
		A11ACCE55B00000000000MP4 = { isa = PBXBuildFile; fileRef = A11ACCE55B00000000000MP3; };
		A11ACCE55B00000000000MP5 = { isa = PBXFileReference; lastKnownFileType = sourcecode.swift; path = "MyThuso/Features/MomPlansView.swift"; sourceTree = "<group>"; };
		A11ACCE55B00000000000MP6 = { isa = PBXBuildFile; fileRef = A11ACCE55B00000000000MP5; };
		A11ACCE55B00000000000ME1 = { isa = PBXFileReference; lastKnownFileType = sourcecode.swift; path = "MyThuso/Models/MomEssentialData.swift"; sourceTree = "<group>"; };
		A11ACCE55B00000000000ME2 = { isa = PBXBuildFile; fileRef = A11ACCE55B00000000000ME1; };
		A11ACCE55B00000000000ME3 = { isa = PBXFileReference; lastKnownFileType = sourcecode.swift; path = "MyThuso/Models/MomEssential.swift"; sourceTree = "<group>"; };
		A11ACCE55B00000000000ME4 = { isa = PBXBuildFile; fileRef = A11ACCE55B00000000000ME3; };
		A11ACCE55B00000000000ME5 = { isa = PBXFileReference; lastKnownFileType = sourcecode.swift; path = "MyThuso/Features/MomEssentialView.swift"; sourceTree = "<group>"; };
		A11ACCE55B00000000000ME6 = { isa = PBXBuildFile; fileRef = A11ACCE55B00000000000ME5; };
		A11ACCE55B00000000000GR1 = { isa = PBXFileReference; lastKnownFileType = sourcecode.swift; path = "MyThuso/Models/GroupsData.swift"; sourceTree = "<group>"; };
		A11ACCE55B00000000000GR2 = { isa = PBXBuildFile; fileRef = A11ACCE55B00000000000GR1; };
		A11ACCE55B00000000000GR3 = { isa = PBXFileReference; lastKnownFileType = sourcecode.swift; path = "MyThuso/Models/Groups.swift"; sourceTree = "<group>"; };
		A11ACCE55B00000000000GR4 = { isa = PBXBuildFile; fileRef = A11ACCE55B00000000000GR3; };
		A11ACCE55B00000000000GR5 = { isa = PBXFileReference; lastKnownFileType = sourcecode.swift; path = "MyThuso/Features/GroupOptInView.swift"; sourceTree = "<group>"; };
		A11ACCE55B00000000000GR6 = { isa = PBXBuildFile; fileRef = A11ACCE55B00000000000GR5; };
		A11ACCE55B00000000000HH1 = { isa = PBXFileReference; lastKnownFileType = sourcecode.swift; path = "MyThuso/Models/HouseholdData.swift"; sourceTree = "<group>"; };
		A11ACCE55B00000000000HH2 = { isa = PBXBuildFile; fileRef = A11ACCE55B00000000000HH1; };
		A11ACCE55B00000000000S03 = { isa = PBXFileReference; lastKnownFileType = sourcecode.swift; path = "MyThuso/Models/RewardsData.swift"; sourceTree = "<group>"; };
		A11ACCE55B00000000000S04 = { isa = PBXBuildFile; fileRef = A11ACCE55B00000000000S03; };
		A11ACCE55B00000000000S05 = { isa = PBXFileReference; lastKnownFileType = sourcecode.swift; path = "MyThuso/Models/Commerce.swift"; sourceTree = "<group>"; };
		A11ACCE55B00000000000S06 = { isa = PBXBuildFile; fileRef = A11ACCE55B00000000000S05; };
		A11ACCE55B00000000000S07 = { isa = PBXFileReference; lastKnownFileType = sourcecode.swift; path = "MyThuso/Features/ShopView.swift"; sourceTree = "<group>"; };
		A11ACCE55B00000000000S08 = { isa = PBXBuildFile; fileRef = A11ACCE55B00000000000S07; };
E05D596293990A56929A09F7 = { isa = PBXBuildFile; fileRef = 63B112953C1D89BC4E6927D0; };
9672EC59820BDDAD2FBD99F9 = { isa = PBXFileReference; lastKnownFileType = sourcecode.swift; path = "MyThuso/Models/FramingData.swift"; sourceTree = "<group>"; };
0913814D6344FE7E977BD1F3 = { isa = PBXBuildFile; fileRef = 9672EC59820BDDAD2FBD99F9; };
B30E9DD276D5191A5C1166FE = { isa = PBXFileReference; lastKnownFileType = sourcecode.swift; path = "MyThuso/Models/WellbeingData.swift"; sourceTree = "<group>"; };
0928BE7452039D7428168800 = { isa = PBXBuildFile; fileRef = B30E9DD276D5191A5C1166FE; };
3AA77074C13A6C4999615C68 = { isa = PBXFileReference; lastKnownFileType = sourcecode.swift; path = "MyThuso/Models/Wellbeing.swift"; sourceTree = "<group>"; };
66F2D4483A1DA5C1FB2ABA7E = { isa = PBXBuildFile; fileRef = 3AA77074C13A6C4999615C68; };
687AC95BCAF54196F92A9A6C = { isa = PBXFileReference; lastKnownFileType = sourcecode.swift; path = "MyThusoUITests/PassportJourneyTests.swift"; sourceTree = "<group>"; };
5A1AD2714845482CA7CC5DA3 = { isa = PBXBuildFile; fileRef = 687AC95BCAF54196F92A9A6C; };
A11ACCE55B00000000000PQ7 = { isa = PBXFileReference; lastKnownFileType = sourcecode.swift; path = "MyThusoUITests/PatientPagesTests.swift"; sourceTree = "<group>"; };
A11ACCE55B00000000000PQ8 = { isa = PBXBuildFile; fileRef = A11ACCE55B00000000000PQ7; };
C497DA7A11E5B0349AC02D05 = { isa = PBXFileReference; lastKnownFileType = sourcecode.swift; path = "MyThusoUITests/ClinicalFormTests.swift"; sourceTree = "<group>"; };
C497DA7A11E5B0349AC02D06 = { isa = PBXBuildFile; fileRef = C497DA7A11E5B0349AC02D05; };
4F5F303A45F4158820809E5F = { isa = PBXFileReference; lastKnownFileType = sourcecode.swift; path = "MyThuso/DesignSystem/Surface.swift"; sourceTree = "<group>"; };
001451FF518596A97F1BF511 = { isa = PBXBuildFile; fileRef = 4F5F303A45F4158820809E5F; };
A11ACCE55B00000000000CS0 = { isa = PBXFileReference; lastKnownFileType = sourcecode.swift; path = "MyThuso/DesignSystem/CareStudio.swift"; sourceTree = "<group>"; };
A11ACCE55B00000000000CS1 = { isa = PBXBuildFile; fileRef = A11ACCE55B00000000000CS0; };
CA3DC063C1C39F9CA0B40CDE = { isa = PBXFileReference; lastKnownFileType = sourcecode.swift; path = "MyThuso/Models/Passport.swift"; sourceTree = "<group>"; };
7793E59CCF3E74560E7DDF59 = { isa = PBXBuildFile; fileRef = CA3DC063C1C39F9CA0B40CDE; };
3306C77E757B0D0D7AA445FA = { isa = PBXFileReference; lastKnownFileType = sourcecode.swift; path = "MyThuso/Models/VisitQueue.swift"; sourceTree = "<group>"; };
C4047A957DA1CC2DD1D2EDF9 = { isa = PBXBuildFile; fileRef = 3306C77E757B0D0D7AA445FA; };
738AD008CC7EAEE694D8E2A6 = { isa = PBXFileReference; lastKnownFileType = sourcecode.swift; path = "MyThuso/Features/VisitSummaryView.swift"; sourceTree = "<group>"; };
EEBB22AA9D6FB77C3D8C6718 = { isa = PBXBuildFile; fileRef = 738AD008CC7EAEE694D8E2A6; };
D6DC8F10BDB9DC2652868B06 = { isa = PBXFileReference; lastKnownFileType = sourcecode.swift; path = "MyThuso/Features/PassportScreens.swift"; sourceTree = "<group>"; };
A11ACCE55B00000000000RP1 = { isa = PBXFileReference; lastKnownFileType = sourcecode.swift; path = "MyThuso/Models/PassportSharing.swift"; sourceTree = "<group>"; };
A11ACCE55B00000000000RP3 = { isa = PBXFileReference; lastKnownFileType = sourcecode.swift; path = "MyThuso/Models/PassportSharingData.swift"; sourceTree = "<group>"; };
A11ACCE55B00000000000RP5 = { isa = PBXFileReference; lastKnownFileType = sourcecode.swift; path = "MyThuso/Features/PassportSharingView.swift"; sourceTree = "<group>"; };
9CD1E3E211C620BC6E412790 = { isa = PBXBuildFile; fileRef = D6DC8F10BDB9DC2652868B06; };
A11ACCE55B00000000000RP2 = { isa = PBXBuildFile; fileRef = A11ACCE55B00000000000RP1; };
A11ACCE55B00000000000RP4 = { isa = PBXBuildFile; fileRef = A11ACCE55B00000000000RP3; };
A11ACCE55B00000000000RP6 = { isa = PBXBuildFile; fileRef = A11ACCE55B00000000000RP5; };
C4C35F8AE6DA7B9A063BE30A = { isa = PBXFileReference; lastKnownFileType = sourcecode.swift; path = "MyThuso/Features/VisitQueueView.swift"; sourceTree = "<group>"; };
41A9E50A2566623855A86DFC = { isa = PBXBuildFile; fileRef = C4C35F8AE6DA7B9A063BE30A; };
6ECFBE26FA61A2DACD145F5F = { isa = PBXFileReference; lastKnownFileType = sourcecode.swift; path = "MyThuso/Models/Capabilities.swift"; sourceTree = "<group>"; };
90540CC513CD23E3995663BC = { isa = PBXBuildFile; fileRef = 6ECFBE26FA61A2DACD145F5F; };
942F17B3632B3E315C149549 = { isa = PBXFileReference; lastKnownFileType = sourcecode.swift; path = "MyThuso/Models/CapabilitiesData.swift"; sourceTree = "<group>"; };
F78E58BE6898CC6B94CC493E = { isa = PBXBuildFile; fileRef = 942F17B3632B3E315C149549; };
A11ACCE55B00000000000020 = { isa = PBXFileReference; lastKnownFileType = sourcecode.swift; path = "MyThuso/Models/Cancellation.swift"; sourceTree = "<group>"; };
A11ACCE55B00000000000021 = { isa = PBXBuildFile; fileRef = A11ACCE55B00000000000020; };
A11ACCE55B00000000000022 = { isa = PBXFileReference; lastKnownFileType = sourcecode.swift; path = "MyThuso/Models/CancellationData.swift"; sourceTree = "<group>"; };
A11ACCE55B00000000000023 = { isa = PBXBuildFile; fileRef = A11ACCE55B00000000000022; };
A11ACCE55B00000000000024 = { isa = PBXFileReference; lastKnownFileType = sourcecode.swift; path = "MyThuso/Features/CancellationView.swift"; sourceTree = "<group>"; };
A11ACCE55B00000000000025 = { isa = PBXBuildFile; fileRef = A11ACCE55B00000000000024; };
A11ACCE55B00000000000026 = { isa = PBXFileReference; lastKnownFileType = sourcecode.swift; path = "MyThusoUITests/CancellationTests.swift"; sourceTree = "<group>"; };
A11ACCE55B00000000000027 = { isa = PBXBuildFile; fileRef = A11ACCE55B00000000000026; };
A11ACCE55B00000000000030 = { isa = PBXFileReference; lastKnownFileType = sourcecode.swift; path = "MyThuso/Models/Arrival.swift"; sourceTree = "<group>"; };
A11ACCE55B00000000000031 = { isa = PBXBuildFile; fileRef = A11ACCE55B00000000000030; };
A11ACCE55B00000000000032 = { isa = PBXFileReference; lastKnownFileType = sourcecode.swift; path = "MyThuso/Features/ArrivalView.swift"; sourceTree = "<group>"; };
A11ACCE55B00000000000033 = { isa = PBXBuildFile; fileRef = A11ACCE55B00000000000032; };
A11ACCE55B00000000000CV1 = { isa = PBXFileReference; lastKnownFileType = sourcecode.swift; path = "MyThuso/Models/CareData.swift"; sourceTree = "<group>"; };
A11ACCE55B00000000000CV2 = { isa = PBXBuildFile; fileRef = A11ACCE55B00000000000CV1; };
A11ACCE55B00000000000CV3 = { isa = PBXFileReference; lastKnownFileType = sourcecode.swift; path = "MyThuso/Models/CareVisit.swift"; sourceTree = "<group>"; };
A11ACCE55B00000000000CV4 = { isa = PBXBuildFile; fileRef = A11ACCE55B00000000000CV3; };
A11ACCE55B00000000000CV5 = { isa = PBXFileReference; lastKnownFileType = sourcecode.swift; path = "MyThuso/Features/CareVisitView.swift"; sourceTree = "<group>"; };
A11ACCE55B00000000000CV6 = { isa = PBXBuildFile; fileRef = A11ACCE55B00000000000CV5; };
A11ACCE55B00000000000034 = { isa = PBXFileReference; lastKnownFileType = sourcecode.swift; path = "MyThuso/Models/Sponsorship.swift"; sourceTree = "<group>"; };
A11ACCE55B00000000000035 = { isa = PBXBuildFile; fileRef = A11ACCE55B00000000000034; };
A11ACCE55B00000000000036 = { isa = PBXFileReference; lastKnownFileType = sourcecode.swift; path = "MyThuso/Features/SponsorView.swift"; sourceTree = "<group>"; };
A11ACCE55B00000000000037 = { isa = PBXBuildFile; fileRef = A11ACCE55B00000000000036; };
A11ACCE55B00000000000038 = { isa = PBXFileReference; lastKnownFileType = sourcecode.swift; path = "MyThuso/Models/Explain.swift"; sourceTree = "<group>"; };
A11ACCE55B00000000000039 = { isa = PBXBuildFile; fileRef = A11ACCE55B00000000000038; };
A11ACCE55B0000000000003A = { isa = PBXFileReference; lastKnownFileType = sourcecode.swift; path = "MyThuso/Features/ExplainView.swift"; sourceTree = "<group>"; };
A11ACCE55B0000000000003B = { isa = PBXBuildFile; fileRef = A11ACCE55B0000000000003A; };
5D2AC96E9E721BEF1947F396 = { isa = PBXFileReference; lastKnownFileType = sourcecode.swift; path = "MyThuso/Features/AssistantView.swift"; sourceTree = "<group>"; };
0E813C66A8C5E735DF953800 = { isa = PBXBuildFile; fileRef = 5D2AC96E9E721BEF1947F396; };
		A55E0B1C9D7F42A18E3C0D64 = { isa = PBXFileReference; lastKnownFileType = sourcecode.swift; path = "MyThuso/DesignSystem/AssistantSphere.swift"; sourceTree = "<group>"; };
		B61F2C3D4E5A69B27C8D0F13 = { isa = PBXBuildFile; fileRef = A55E0B1C9D7F42A18E3C0D64; };
A11ACCE55B00000000000018 = { isa = PBXFileReference; lastKnownFileType = sourcecode.swift; path = "MyThusoUITests/AssistantTests.swift"; sourceTree = "<group>"; };
A11ACCE55B00000000000019 = { isa = PBXBuildFile; fileRef = A11ACCE55B00000000000018; };
6BD63AB31C4E8E478B803A34 = { isa = PBXFileReference; lastKnownFileType = sourcecode.swift; path = "MyThuso/DesignSystem/CaptureMarks.swift"; sourceTree = "<group>"; };
5C1CBF285067533CC4F8B576 = { isa = PBXBuildFile; fileRef = 6BD63AB31C4E8E478B803A34; };
941DC33BCE23053949686D71 = { isa = PBXFileReference; lastKnownFileType = sourcecode.swift; path = "MyThuso/DesignSystem/ClinicalChart.swift"; sourceTree = "<group>"; };
865FD28A0E0EFEA52D021432 = { isa = PBXBuildFile; fileRef = 941DC33BCE23053949686D71; };
B001C2424B42807247CAD631 = { isa = PBXFileReference; lastKnownFileType = sourcecode.swift; path = "MyThuso/DesignSystem/HeroCarousel.swift"; sourceTree = "<group>"; };
C7F3D83D8BDCB58DCA628412 = { isa = PBXBuildFile; fileRef = B001C2424B42807247CAD631; };
FE2586305A6843A735EB2D1C = { isa = PBXFileReference; lastKnownFileType = sourcecode.swift; path = "MyThuso/DesignSystem/SystemStates.swift"; sourceTree = "<group>"; };
11A31AFE035613FB95C0B3EF = { isa = PBXBuildFile; fileRef = FE2586305A6843A735EB2D1C; };
73140690B43EE8F5E3D47A3F = { isa = PBXFileReference; lastKnownFileType = sourcecode.swift; path = "MyThuso/DesignSystem/Theme.swift"; sourceTree = "<group>"; };
		B8A27C5F4ECC42365006F50D = { isa = PBXFileReference; lastKnownFileType = sourcecode.swift; path = "MyThuso/DesignSystem/MyThusoTabIcon.swift"; sourceTree = "<group>"; };
		BFFFAFB73AF29CE174587652 = { isa = PBXBuildFile; fileRef = B8A27C5F4ECC42365006F50D; };
		E28C66D6D5562D6CD12C2F6A = { isa = PBXFileReference; lastKnownFileType = sourcecode.swift; path = "MyThuso/DesignSystem/TypographyData.swift"; sourceTree = "<group>"; };
		C58147C4334D97646109AFBB = { isa = PBXBuildFile; fileRef = E28C66D6D5562D6CD12C2F6A; };
		7B8498E1C19ACE5FBBCE372F = { isa = PBXFileReference; lastKnownFileType = sourcecode.swift; path = "MyThuso/DesignSystem/Typography.swift"; sourceTree = "<group>"; };
		F2EDDC63358C04FCC0196B07 = { isa = PBXBuildFile; fileRef = 7B8498E1C19ACE5FBBCE372F; };
		D8B0390B8D96493FAE1BFD11 = { isa = PBXFileReference; lastKnownFileType = sourcecode.swift; path = "MyThuso/DesignSystem/Identity.swift"; sourceTree = "<group>"; };
		8E5464D036834D6526B17A2F = { isa = PBXBuildFile; fileRef = D8B0390B8D96493FAE1BFD11; };
		093A19F56A071BCE06ABFAA5 = { isa = PBXFileReference; lastKnownFileType = sourcecode.swift; path = "MyThuso/DesignSystem/Components/ThusoButton.swift"; sourceTree = "<group>"; };
		7215D078FB3D488B176E764A = { isa = PBXBuildFile; fileRef = 093A19F56A071BCE06ABFAA5; };
		04E7B80EA03009036C76801E = { isa = PBXFileReference; lastKnownFileType = sourcecode.swift; path = "MyThuso/DesignSystem/Components/ThusoCard.swift"; sourceTree = "<group>"; };
		1C7D9B58934F40B53E9148B7 = { isa = PBXBuildFile; fileRef = 04E7B80EA03009036C76801E; };
		F70182F9DAE67D194B6B98C9 = { isa = PBXFileReference; lastKnownFileType = sourcecode.swift; path = "MyThuso/DesignSystem/Components/ThusoMetricCard.swift"; sourceTree = "<group>"; };
		3C66356BC60A0538650416CC = { isa = PBXBuildFile; fileRef = F70182F9DAE67D194B6B98C9; };
		DE32A6B75F92B8574DF38C48 = { isa = PBXFileReference; lastKnownFileType = sourcecode.swift; path = "MyThuso/DesignSystem/Components/ThusoField.swift"; sourceTree = "<group>"; };
		CE554F780F80006559FDF5C6 = { isa = PBXBuildFile; fileRef = DE32A6B75F92B8574DF38C48; };
		7B525888F77E89E416BD57F2 = { isa = PBXFileReference; lastKnownFileType = sourcecode.swift; path = "MyThuso/DesignSystem/Components/ThusoAlert.swift"; sourceTree = "<group>"; };
		C7CE9CD8CF3D7681933B26B1 = { isa = PBXBuildFile; fileRef = 7B525888F77E89E416BD57F2; };
		CEE9C39619686DDAB78459BF = { isa = PBXFileReference; lastKnownFileType = sourcecode.swift; path = "MyThuso/DesignSystem/Components/ThusoBadge.swift"; sourceTree = "<group>"; };
		DF3CA2A628780CDD7513C991 = { isa = PBXBuildFile; fileRef = CEE9C39619686DDAB78459BF; };
		C343888266E2FE5D459E55DA = { isa = PBXFileReference; lastKnownFileType = sourcecode.swift; path = "MyThuso/DesignSystem/Components/ThusoTabs.swift"; sourceTree = "<group>"; };
		CFAD576E917C7DD785A9146C = { isa = PBXBuildFile; fileRef = C343888266E2FE5D459E55DA; };
		C99AC7CA604508E8E45A17CC = { isa = PBXFileReference; lastKnownFileType = sourcecode.swift; path = "MyThuso/DesignSystem/Components/ThusoNavigationItem.swift"; sourceTree = "<group>"; };
		1701E63BC823693DA499A1A9 = { isa = PBXBuildFile; fileRef = C99AC7CA604508E8E45A17CC; };
		06B0EE37DFF3B30585ECB4AC = { isa = PBXFileReference; lastKnownFileType = sourcecode.swift; path = "MyThuso/DesignSystem/Components/ThusoAvatar.swift"; sourceTree = "<group>"; };
		31D1A2C86A826745B8E83541 = { isa = PBXBuildFile; fileRef = 06B0EE37DFF3B30585ECB4AC; };
		10BA8E0CA36AF9D94D7DD2D4 = { isa = PBXFileReference; lastKnownFileType = sourcecode.swift; path = "MyThuso/DesignSystem/Components/ThusoDivider.swift"; sourceTree = "<group>"; };
		59D67849F37F6AE1E2694DD9 = { isa = PBXBuildFile; fileRef = 10BA8E0CA36AF9D94D7DD2D4; };
		0AEF034E2F82D20162D97EC8 = { isa = PBXFileReference; lastKnownFileType = sourcecode.swift; path = "MyThuso/DesignSystem/Components/ThusoSpinner.swift"; sourceTree = "<group>"; };
		1F50B21D2575E8FE0DFDAC48 = { isa = PBXBuildFile; fileRef = 0AEF034E2F82D20162D97EC8; };
		6E631F8445E3DD1D1D751C0A = { isa = PBXFileReference; lastKnownFileType = folder; path = MyThuso/Fonts; sourceTree = "<group>"; };
		C4016BB9AB7C47EFF2756634 = { isa = PBXBuildFile; fileRef = 6E631F8445E3DD1D1D751C0A; };
		4AD2897DCEC732B46B3D6639 = { isa = PBXFileReference; lastKnownFileType = text.plist.xml; path = MyThuso/Info.plist; sourceTree = "<group>"; };
CE74FA7928559F83ADB6D7E2 = { isa = PBXBuildFile; fileRef = 73140690B43EE8F5E3D47A3F; };
AC21BB141D83D829589764D9 = { isa = PBXFileReference; lastKnownFileType = sourcecode.swift; path = "MyThuso/DesignSystem/Tokens.swift"; sourceTree = "<group>"; };
9A249B557395AB86DFDD6448 = { isa = PBXBuildFile; fileRef = AC21BB141D83D829589764D9; };
93242FFF97A9FB0C852068B3 = { isa = PBXFileReference; lastKnownFileType = sourcecode.swift; path = "MyThuso/Features/AssessmentView.swift"; sourceTree = "<group>"; };
0926A99D037D8439325885CF = { isa = PBXBuildFile; fileRef = 93242FFF97A9FB0C852068B3; };
A25A446AA2DF4D7725E9E151 = { isa = PBXFileReference; lastKnownFileType = sourcecode.swift; path = "MyThuso/Features/BookingView.swift"; sourceTree = "<group>"; };
EBE72D50CF30D3449033A3B0 = { isa = PBXBuildFile; fileRef = A25A446AA2DF4D7725E9E151; };
A1D4528D8527B11CE7CFECC9 = { isa = PBXFileReference; lastKnownFileType = sourcecode.swift; path = "MyThuso/Features/CaptureQueueView.swift"; sourceTree = "<group>"; };
AF42BCFEFCEE14FF0A9F3EA6 = { isa = PBXBuildFile; fileRef = A1D4528D8527B11CE7CFECC9; };
730E623E1C1D855A215CF992 = { isa = PBXFileReference; lastKnownFileType = sourcecode.swift; path = "MyThuso/Features/ConsultationView.swift"; sourceTree = "<group>"; };
01FE23A6F9268B4C1EEBCF22 = { isa = PBXBuildFile; fileRef = 730E623E1C1D855A215CF992; };
B5F97185EBB58DC513C9A666 = { isa = PBXFileReference; lastKnownFileType = sourcecode.swift; path = "MyThuso/Features/DispatchView.swift"; sourceTree = "<group>"; };
BDB19C5E209165D8C112D3EF = { isa = PBXBuildFile; fileRef = B5F97185EBB58DC513C9A666; };
3FE7C1ACFEAA1C1119AD157C = { isa = PBXFileReference; lastKnownFileType = sourcecode.swift; path = "MyThuso/Features/EarningsView.swift"; sourceTree = "<group>"; };
BB093D0956FAC9547E294D4F = { isa = PBXBuildFile; fileRef = 3FE7C1ACFEAA1C1119AD157C; };
208D80C5D85CFD6760D2AD8A = { isa = PBXFileReference; lastKnownFileType = sourcecode.swift; path = "MyThuso/Features/GuardianView.swift"; sourceTree = "<group>"; };
C65F00441B35B92EE4CC4320 = { isa = PBXBuildFile; fileRef = 208D80C5D85CFD6760D2AD8A; };
8522B19DB3F2EAE8DE4FF8D5 = { isa = PBXFileReference; lastKnownFileType = sourcecode.swift; path = "MyThuso/Features/HealthSummaryView.swift"; sourceTree = "<group>"; };
8EC1C803095109F2A7B35337 = { isa = PBXBuildFile; fileRef = 8522B19DB3F2EAE8DE4FF8D5; };
0A21D818F9B83E40E55A986E = { isa = PBXFileReference; lastKnownFileType = sourcecode.swift; path = "MyThuso/Features/HomeView.swift"; sourceTree = "<group>"; };
671F7DC043EFB3F7852D9818 = { isa = PBXBuildFile; fileRef = 0A21D818F9B83E40E55A986E; };
26ED2423E4C4D3FD919B678E = { isa = PBXFileReference; lastKnownFileType = sourcecode.swift; path = "MyThuso/Features/HouseholdView.swift"; sourceTree = "<group>"; };
80D8F1DB3022FA805A212CFD = { isa = PBXBuildFile; fileRef = 26ED2423E4C4D3FD919B678E; };
7B0C8DD740450733C4F02994 = { isa = PBXFileReference; lastKnownFileType = sourcecode.swift; path = "MyThuso/Features/KitView.swift"; sourceTree = "<group>"; };
66B57D57299C30CFF1069034 = { isa = PBXBuildFile; fileRef = 7B0C8DD740450733C4F02994; };
F1EFBBA1768D90CF26228AD5 = { isa = PBXFileReference; lastKnownFileType = sourcecode.swift; path = "MyThuso/Features/OnboardingView.swift"; sourceTree = "<group>"; };
2640C7230F74F72C4FC6F505 = { isa = PBXBuildFile; fileRef = F1EFBBA1768D90CF26228AD5; };
62BD09CE9BB54A25CDED41E1 = { isa = PBXFileReference; lastKnownFileType = sourcecode.swift; path = "MyThuso/Features/OrdersView.swift"; sourceTree = "<group>"; };
C82E8D0D794CA0356CE2936D = { isa = PBXBuildFile; fileRef = 62BD09CE9BB54A25CDED41E1; };
8FA8E9096D19B84C7AA17A0E = { isa = PBXFileReference; lastKnownFileType = sourcecode.swift; path = "MyThuso/Features/PassportView.swift"; sourceTree = "<group>"; };
25D7690F13EF73E3D74059D7 = { isa = PBXBuildFile; fileRef = 8FA8E9096D19B84C7AA17A0E; };
A11ACCE55B0000000000003C = { isa = PBXFileReference; lastKnownFileType = sourcecode.swift; path = "MyThuso/Features/WorkspaceView.swift"; sourceTree = "<group>"; };
A11ACCE55B0000000000003D = { isa = PBXBuildFile; fileRef = A11ACCE55B0000000000003C; };
A11ACCE55B00000000000CD0 = { isa = PBXFileReference; lastKnownFileType = sourcecode.swift; path = "MyThuso/Features/ClinicalDeckView.swift"; sourceTree = "<group>"; };
A11ACCE55B00000000000CD1 = { isa = PBXBuildFile; fileRef = A11ACCE55B00000000000CD0; };
29F4A58B25EA66F194439147 = { isa = PBXFileReference; lastKnownFileType = sourcecode.swift; path = "MyThuso/Features/PatientFileView.swift"; sourceTree = "<group>"; };
38D51FBABEC05B12F0917BC7 = { isa = PBXBuildFile; fileRef = 29F4A58B25EA66F194439147; };
F263628ACDAC288C80ED4ED3 = { isa = PBXFileReference; lastKnownFileType = sourcecode.swift; path = "MyThuso/Features/SosView.swift"; sourceTree = "<group>"; };
787D65E44488748D21FA68BD = { isa = PBXBuildFile; fileRef = F263628ACDAC288C80ED4ED3; };
4A5846D6230C6D6DB66C10EA = { isa = PBXFileReference; lastKnownFileType = sourcecode.swift; path = "MyThuso/Features/TeleconsultView.swift"; sourceTree = "<group>"; };
D0A7BD709A767CDE57B36011 = { isa = PBXBuildFile; fileRef = 4A5846D6230C6D6DB66C10EA; };
1B5F71F6CA706E3D260A3A21 = { isa = PBXFileReference; lastKnownFileType = sourcecode.swift; path = "MyThuso/Features/VettingView.swift"; sourceTree = "<group>"; };
9F41CA085246B9F783EC1217 = { isa = PBXBuildFile; fileRef = 1B5F71F6CA706E3D260A3A21; };
F38E19D8F81F314D0BA4BF1A = { isa = PBXFileReference; lastKnownFileType = sourcecode.swift; path = "MyThuso/Models/Capture.swift"; sourceTree = "<group>"; };
E07C590266FF94156A4949AE = { isa = PBXBuildFile; fileRef = F38E19D8F81F314D0BA4BF1A; };
BB0B5A9A8E060A334870F36C = { isa = PBXFileReference; lastKnownFileType = sourcecode.swift; path = "MyThuso/Models/CaptureQueue.swift"; sourceTree = "<group>"; };
4A0C1AC8D0524D14D5F45079 = { isa = PBXBuildFile; fileRef = BB0B5A9A8E060A334870F36C; };
A17B3D7A71FD240B9ADA5600 = { isa = PBXFileReference; lastKnownFileType = sourcecode.swift; path = "MyThuso/Models/CareService.swift"; sourceTree = "<group>"; };
01B980FEE088FEDC9178ADE8 = { isa = PBXFileReference; lastKnownFileType = sourcecode.swift; path = "MyThuso/Models/Scheduling.swift"; sourceTree = "<group>"; };
D938EE8C2307AE08F8CD815E = { isa = PBXBuildFile; fileRef = 01B980FEE088FEDC9178ADE8; };
6548B429936619CB7F34E62E = { isa = PBXFileReference; lastKnownFileType = sourcecode.swift; path = "MyThuso/Models/Booking.swift"; sourceTree = "<group>"; };
73EE2EEF949D0DE5DC496DB2 = { isa = PBXBuildFile; fileRef = 6548B429936619CB7F34E62E; };
5CC64FF0A399489D9CB8183E = { isa = PBXFileReference; lastKnownFileType = sourcecode.swift; path = "MyThuso/Models/BookingData.swift"; sourceTree = "<group>"; };
CC01C4A92EA521E8ED420EC3 = { isa = PBXBuildFile; fileRef = 5CC64FF0A399489D9CB8183E; };
C1D8E612FD10564D81954AB3 = { isa = PBXFileReference; lastKnownFileType = sourcecode.swift; path = "MyThuso/Features/NurseChoiceView.swift"; sourceTree = "<group>"; };
78E297D622D41D14AB456182 = { isa = PBXBuildFile; fileRef = C1D8E612FD10564D81954AB3; };
9EB87AF3F8AFCD89A43AFB31 = { isa = PBXFileReference; lastKnownFileType = sourcecode.swift; path = "MyThuso/Features/BookingStatusView.swift"; sourceTree = "<group>"; };
ED5449508066D658D4B4BF65 = { isa = PBXBuildFile; fileRef = 9EB87AF3F8AFCD89A43AFB31; };
B173AA1F92E732DD5598174F = { isa = PBXFileReference; lastKnownFileType = sourcecode.swift; path = "MyThuso/Features/VisitThreadView.swift"; sourceTree = "<group>"; };
1DE1A9CBF58ED35F3C6D6D69 = { isa = PBXBuildFile; fileRef = B173AA1F92E732DD5598174F; };
A106ABD50AF12285BDD2BF87 = { isa = PBXFileReference; lastKnownFileType = sourcecode.swift; path = "MyThuso/Models/SchedulingData.swift"; sourceTree = "<group>"; };
00F10D6CFBA747E0D4E646EF = { isa = PBXBuildFile; fileRef = A106ABD50AF12285BDD2BF87; };
887F24974EBBE1C63890DAB0 = { isa = PBXBuildFile; fileRef = A17B3D7A71FD240B9ADA5600; };
A90578E96CE046617B43718D = { isa = PBXFileReference; lastKnownFileType = sourcecode.swift; path = "MyThuso/Models/Earnings.swift"; sourceTree = "<group>"; };
81EC820B25E8EB4601FEE7F3 = { isa = PBXBuildFile; fileRef = A90578E96CE046617B43718D; };
C93D24F6657D5D26EE13256A = { isa = PBXFileReference; lastKnownFileType = sourcecode.swift; path = "MyThuso/Models/EarningsData.swift"; sourceTree = "<group>"; };
79D8630730F928A61D2585CF = { isa = PBXBuildFile; fileRef = C93D24F6657D5D26EE13256A; };
A11ACCE55B00000000000MY1 = { isa = PBXFileReference; lastKnownFileType = sourcecode.swift; path = "MyThuso/Models/Money.swift"; sourceTree = "<group>"; };
A11ACCE55B00000000000MY2 = { isa = PBXBuildFile; fileRef = A11ACCE55B00000000000MY1; };
A11ACCE55B00000000000MD1 = { isa = PBXFileReference; lastKnownFileType = sourcecode.swift; path = "MyThuso/Models/MoneyData.swift"; sourceTree = "<group>"; };
A11ACCE55B00000000000MD2 = { isa = PBXBuildFile; fileRef = A11ACCE55B00000000000MD1; };
A11ACCE55B00000000000DF1 = { isa = PBXFileReference; lastKnownFileType = sourcecode.swift; path = "MyThuso/Features/DoctorFeesView.swift"; sourceTree = "<group>"; };
A11ACCE55B00000000000DF2 = { isa = PBXBuildFile; fileRef = A11ACCE55B00000000000DF1; };
D15PE9C4A7B23F1064EE7710 = { isa = PBXFileReference; lastKnownFileType = sourcecode.swift; path = "MyThuso/Features/DispensingView.swift"; sourceTree = "<group>"; };
B72CA0F41D9E58730CC1A6D2 = { isa = PBXBuildFile; fileRef = D15PE9C4A7B23F1064EE7710; };
C4A81E270B6D33F95AD1E884 = { isa = PBXFileReference; lastKnownFileType = sourcecode.swift; path = "MyThuso/Models/Dispensing.swift"; sourceTree = "<group>"; };
6E2F97B1CA0D45238F71B0C9 = { isa = PBXBuildFile; fileRef = C4A81E270B6D33F95AD1E884; };
A0B7F3D25C81E6497D22A1FB = { isa = PBXFileReference; lastKnownFileType = sourcecode.swift; path = "MyThuso/Models/DispensingData.swift"; sourceTree = "<group>"; };
31D6C8E0AB47F2951E60D7A3 = { isa = PBXBuildFile; fileRef = A0B7F3D25C81E6497D22A1FB; };
E8C3B1A65D9027F41BB6E340 = { isa = PBXFileReference; lastKnownFileType = sourcecode.swift; path = "MyThuso/Features/ProgrammesView.swift"; sourceTree = "<group>"; };
7A45D2E9C08B61F3552AD9BC = { isa = PBXBuildFile; fileRef = E8C3B1A65D9027F41BB6E340; };
24F9A6C81E0B7D3596CC42AE = { isa = PBXFileReference; lastKnownFileType = sourcecode.swift; path = "MyThuso/Models/Programmes.swift"; sourceTree = "<group>"; };
9B03E7D5426AF18C7DE0B215 = { isa = PBXBuildFile; fileRef = 24F9A6C81E0B7D3596CC42AE; };
5D1EB840A93C6F275018CA76 = { isa = PBXFileReference; lastKnownFileType = sourcecode.swift; path = "MyThuso/Models/ProgrammesData.swift"; sourceTree = "<group>"; };
C39A5F6B72E80D14A6B3F998 = { isa = PBXBuildFile; fileRef = 5D1EB840A93C6F275018CA76; };
A3F1C70D9E52B84416CD0FA2 = { isa = PBXFileReference; lastKnownFileType = sourcecode.swift; path = "MyThuso/Features/InterpretingView.swift"; sourceTree = "<group>"; };
B71D2E5A48C0936F5A1E7DB4 = { isa = PBXBuildFile; fileRef = A3F1C70D9E52B84416CD0FA2; };
C08B4A19D7E3520F61B9CA83 = { isa = PBXFileReference; lastKnownFileType = sourcecode.swift; path = "MyThuso/Models/Interpreting.swift"; sourceTree = "<group>"; };
D4E6018C5F2B79A3C8104ED7 = { isa = PBXBuildFile; fileRef = C08B4A19D7E3520F61B9CA83; };
E5620B3FA1C7D9048E33B15C = { isa = PBXFileReference; lastKnownFileType = sourcecode.swift; path = "MyThuso/Models/InterpretingData.swift"; sourceTree = "<group>"; };
F19C7D420E86B531A7C05D9E = { isa = PBXBuildFile; fileRef = E5620B3FA1C7D9048E33B15C; };
A0F19E885AB1BA3428661555 = { isa = PBXFileReference; lastKnownFileType = sourcecode.swift; path = "MyThuso/Models/Geo.swift"; sourceTree = "<group>"; };
84EC851027E571B2D4918243 = { isa = PBXBuildFile; fileRef = A0F19E885AB1BA3428661555; };
7BF0B43833517246FA8E1E16 = { isa = PBXFileReference; lastKnownFileType = sourcecode.swift; path = "MyThuso/Models/Household.swift"; sourceTree = "<group>"; };
98AC85CF627A0B6C90556561 = { isa = PBXBuildFile; fileRef = 7BF0B43833517246FA8E1E16; };
1B6E083BE713ED3FCE4F1CFA = { isa = PBXFileReference; lastKnownFileType = sourcecode.swift; path = "MyThuso/Models/Localisation.swift"; sourceTree = "<group>"; };
E979C8622E4932A945311600 = { isa = PBXBuildFile; fileRef = 1B6E083BE713ED3FCE4F1CFA; };
A2AB1A9EA90E054D5648BCC4 = { isa = PBXFileReference; lastKnownFileType = sourcecode.swift; path = "MyThuso/Models/LocalisationData.swift"; sourceTree = "<group>"; };
BD2E108D25EAD426050F95CB = { isa = PBXBuildFile; fileRef = A2AB1A9EA90E054D5648BCC4; };
F95E131214C54D3227EC6FD5 = { isa = PBXFileReference; lastKnownFileType = sourcecode.swift; path = "MyThuso/Models/Records.swift"; sourceTree = "<group>"; };
EB340E037B8B400F2E66AFE3 = { isa = PBXBuildFile; fileRef = F95E131214C54D3227EC6FD5; };
EFE21635A0CDEF423F62BF7F = { isa = PBXFileReference; lastKnownFileType = sourcecode.swift; path = "MyThuso/Models/RecordsData.swift"; sourceTree = "<group>"; };
700D9593F4B619D18DE4174E = { isa = PBXBuildFile; fileRef = EFE21635A0CDEF423F62BF7F; };
EE109EC9C6FE273B714A2EE6 = { isa = PBXFileReference; lastKnownFileType = sourcecode.swift; path = "MyThuso/Models/Sos.swift"; sourceTree = "<group>"; };
EBFA7CBA8E3A5F730F583467 = { isa = PBXBuildFile; fileRef = EE109EC9C6FE273B714A2EE6; };
A54A19019F27EC9E50C97490 = { isa = PBXFileReference; lastKnownFileType = sourcecode.swift; path = "MyThuso/Models/FieldSafety.swift"; sourceTree = "<group>"; };
3113CA4393A5B54EE15CD22D = { isa = PBXBuildFile; fileRef = A54A19019F27EC9E50C97490; };
111E80D5E5CBE3C8AE754EA8 = { isa = PBXFileReference; lastKnownFileType = sourcecode.swift; path = "MyThuso/Models/FieldSafetyData.swift"; sourceTree = "<group>"; };
243693CC4EDF51ACA50BF4E9 = { isa = PBXBuildFile; fileRef = 111E80D5E5CBE3C8AE754EA8; };
C0216BB1619714A9C7517B2B = { isa = PBXFileReference; lastKnownFileType = sourcecode.swift; path = "MyThuso/Features/FieldSafetyView.swift"; sourceTree = "<group>"; };
339270B4CC0C0D1AA866A870 = { isa = PBXBuildFile; fileRef = C0216BB1619714A9C7517B2B; };
D3272AE049FB75384E8ED7C6 = { isa = PBXFileReference; lastKnownFileType = sourcecode.swift; path = "MyThuso/Models/Medicines.swift"; sourceTree = "<group>"; };
66E68C6160E8FB21AFAB53EB = { isa = PBXBuildFile; fileRef = D3272AE049FB75384E8ED7C6; };
435494CA0BD6DE836E7FD960 = { isa = PBXFileReference; lastKnownFileType = sourcecode.swift; path = "MyThuso/Models/MedicinesData.swift"; sourceTree = "<group>"; };
84FABADC07AC36A92D5C3DD7 = { isa = PBXBuildFile; fileRef = 435494CA0BD6DE836E7FD960; };
C11A1CA1000000000000A001 = { isa = PBXFileReference; lastKnownFileType = sourcecode.swift; path = "MyThuso/Models/Clinical.swift"; sourceTree = "<group>"; };
C11A1CA1000000000000A002 = { isa = PBXBuildFile; fileRef = C11A1CA1000000000000A001; };
C11A1CA1000000000000A003 = { isa = PBXFileReference; lastKnownFileType = sourcecode.swift; path = "MyThuso/Models/ClinicalData.swift"; sourceTree = "<group>"; };
C11A1CA1000000000000A004 = { isa = PBXBuildFile; fileRef = C11A1CA1000000000000A003; };
C11A1CA1000000000000A005 = { isa = PBXFileReference; lastKnownFileType = sourcecode.swift; path = "MyThuso/Features/ClinicalInboxView.swift"; sourceTree = "<group>"; };
C11A1CA1000000000000A006 = { isa = PBXBuildFile; fileRef = C11A1CA1000000000000A005; };
F520195A7E5224627C5B939A = { isa = PBXFileReference; lastKnownFileType = sourcecode.swift; path = "MyThuso/Features/MedicinesView.swift"; sourceTree = "<group>"; };
B08E1B635E34B7A1E42F612D = { isa = PBXBuildFile; fileRef = F520195A7E5224627C5B939A; };
A7E4A55E0000000000000VS1 = { isa = PBXFileReference; lastKnownFileType = sourcecode.swift; path = "MyThuso/Models/VerifyInService.swift"; sourceTree = "<group>"; };
A7E4A55E0000000000000VS2 = { isa = PBXBuildFile; fileRef = A7E4A55E0000000000000VS1; };
A7E4A55E0000000000000VD1 = { isa = PBXFileReference; lastKnownFileType = sourcecode.swift; path = "MyThuso/Models/VerifyInServiceData.swift"; sourceTree = "<group>"; };
A7E4A55E0000000000000VD2 = { isa = PBXBuildFile; fileRef = A7E4A55E0000000000000VD1; };
A7E4A55E0000000000000VV1 = { isa = PBXFileReference; lastKnownFileType = sourcecode.swift; path = "MyThuso/Features/VerifyInServiceView.swift"; sourceTree = "<group>"; };
A7E4A55E0000000000000VV2 = { isa = PBXBuildFile; fileRef = A7E4A55E0000000000000VV1; };
375E7C9DBE0331244B3010DC = { isa = PBXFileReference; lastKnownFileType = sourcecode.swift; path = "MyThuso/Models/Devices.swift"; sourceTree = "<group>"; };
C9FB04E8ADBC1873ED863D4E = { isa = PBXBuildFile; fileRef = 375E7C9DBE0331244B3010DC; };
BD7574602A594E931922066D = { isa = PBXFileReference; lastKnownFileType = sourcecode.swift; path = "MyThuso/Models/DevicesData.swift"; sourceTree = "<group>"; };
087771A20ACEB5877AF352C1 = { isa = PBXBuildFile; fileRef = BD7574602A594E931922066D; };
34C125D92153642268ED3F3E = { isa = PBXFileReference; lastKnownFileType = sourcecode.swift; path = "MyThuso/Features/DevicesView.swift"; sourceTree = "<group>"; };
9196713B78FBE74D9CB6016A = { isa = PBXBuildFile; fileRef = 34C125D92153642268ED3F3E; };
A11ACCE55B00000000000LV1 = { isa = PBXFileReference; lastKnownFileType = sourcecode.swift; path = "MyThuso/Models/LiveVitalsData.swift"; sourceTree = "<group>"; };
A11ACCE55B00000000000LV2 = { isa = PBXBuildFile; fileRef = A11ACCE55B00000000000LV1; };
A11ACCE55B00000000000LV3 = { isa = PBXFileReference; lastKnownFileType = sourcecode.swift; path = "MyThuso/Models/LiveVitals.swift"; sourceTree = "<group>"; };
A11ACCE55B00000000000LV4 = { isa = PBXBuildFile; fileRef = A11ACCE55B00000000000LV3; };
A11ACCE55B00000000000LV5 = { isa = PBXFileReference; lastKnownFileType = sourcecode.swift; path = "MyThuso/Features/LiveVitalsView.swift"; sourceTree = "<group>"; };
A11ACCE55B00000000000LV6 = { isa = PBXBuildFile; fileRef = A11ACCE55B00000000000LV5; };
7C0A50171C00000000000A01 = { isa = PBXFileReference; lastKnownFileType = sourcecode.swift; path = "MyThuso/Models/ConsultationToolkitData.swift"; sourceTree = "<group>"; };
7C0A50171C00000000000A02 = { isa = PBXBuildFile; fileRef = 7C0A50171C00000000000A01; };
7C0A50171C00000000000A03 = { isa = PBXFileReference; lastKnownFileType = sourcecode.swift; path = "MyThuso/Models/ConsultationToolkit.swift"; sourceTree = "<group>"; };
7C0A50171C00000000000A04 = { isa = PBXBuildFile; fileRef = 7C0A50171C00000000000A03; };
7C0A50171C00000000000A05 = { isa = PBXFileReference; lastKnownFileType = sourcecode.swift; path = "MyThuso/Features/ConsultationToolkitView.swift"; sourceTree = "<group>"; };
7C0A50171C00000000000A06 = { isa = PBXBuildFile; fileRef = 7C0A50171C00000000000A05; };
A11ACCE55B00000000000PD1 = { isa = PBXFileReference; lastKnownFileType = sourcecode.swift; path = "MyThuso/Models/PassportData.swift"; sourceTree = "<group>"; };
A11ACCE55B00000000000PD2 = { isa = PBXBuildFile; fileRef = A11ACCE55B00000000000PD1; };
5E7A1B2C3D4E5F6071829301 = { isa = PBXFileReference; lastKnownFileType = sourcecode.swift; path = "MyThuso/Models/Sentinel.swift"; sourceTree = "<group>"; };
5E7A1B2C3D4E5F6071829302 = { isa = PBXBuildFile; fileRef = 5E7A1B2C3D4E5F6071829301; };
5E7A1B2C3D4E5F6071829303 = { isa = PBXFileReference; lastKnownFileType = sourcecode.swift; path = "MyThuso/Models/SentinelData.swift"; sourceTree = "<group>"; };
5E7A1B2C3D4E5F6071829304 = { isa = PBXBuildFile; fileRef = 5E7A1B2C3D4E5F6071829303; };
5E7A1B2C3D4E5F6071829305 = { isa = PBXFileReference; lastKnownFileType = sourcecode.swift; path = "MyThuso/Features/SentinelView.swift"; sourceTree = "<group>"; };
5E7A1B2C3D4E5F6071829306 = { isa = PBXBuildFile; fileRef = 5E7A1B2C3D4E5F6071829305; };
5A1E0C7D2B9F4E6A8C3D1B01 = { isa = PBXFileReference; lastKnownFileType = sourcecode.swift; path = "MyThuso/Models/MovementData.swift"; sourceTree = "<group>"; };
5A1E0C7D2B9F4E6A8C3D1B02 = { isa = PBXBuildFile; fileRef = 5A1E0C7D2B9F4E6A8C3D1B01; };
5A1E0C7D2B9F4E6A8C3D1B03 = { isa = PBXFileReference; lastKnownFileType = sourcecode.swift; path = "MyThuso/Models/Movement.swift"; sourceTree = "<group>"; };
5A1E0C7D2B9F4E6A8C3D1B04 = { isa = PBXBuildFile; fileRef = 5A1E0C7D2B9F4E6A8C3D1B03; };
5A1E0C7D2B9F4E6A8C3D1B05 = { isa = PBXFileReference; lastKnownFileType = sourcecode.swift; path = "MyThuso/Features/ResponderView.swift"; sourceTree = "<group>"; };
5A1E0C7D2B9F4E6A8C3D1B06 = { isa = PBXBuildFile; fileRef = 5A1E0C7D2B9F4E6A8C3D1B05; };
23135895FD1DC97EE0479297 = { isa = PBXFileReference; lastKnownFileType = sourcecode.swift; path = "MyThuso/Models/SosData.swift"; sourceTree = "<group>"; };
FAC5522A29B26BA17954EDED = { isa = PBXBuildFile; fileRef = 23135895FD1DC97EE0479297; };
1B21039DF11052449C811F72 = { isa = PBXFileReference; lastKnownFileType = sourcecode.swift; path = "MyThuso/Models/Assistant.swift"; sourceTree = "<group>"; };
4813200D3DA5E95E3791351E = { isa = PBXBuildFile; fileRef = 1B21039DF11052449C811F72; };
1EB3CD5A4E0B9378C3FAE1BE = { isa = PBXFileReference; lastKnownFileType = sourcecode.swift; path = "MyThuso/Models/AssistantData.swift"; sourceTree = "<group>"; };
17D9FB58B76FB0250C56A844 = { isa = PBXBuildFile; fileRef = 1EB3CD5A4E0B9378C3FAE1BE; };
C2151511E5000000000000F1 = { isa = PBXFileReference; lastKnownFileType = sourcecode.swift; path = "MyThuso/Models/CrisisLinesData.swift"; sourceTree = "<group>"; };
C2151511E5000000000000B1 = { isa = PBXBuildFile; fileRef = C2151511E5000000000000F1; };
A11ACCE55B00000000000TP1 = { isa = PBXFileReference; lastKnownFileType = sourcecode.swift; path = "MyThuso/Models/CareTipsData.swift"; sourceTree = "<group>"; };
A11ACCE55B00000000000TP2 = { isa = PBXBuildFile; fileRef = A11ACCE55B00000000000TP1; };
A11ACCE55B00000000000CM1 = { isa = PBXFileReference; lastKnownFileType = sourcecode.swift; path = "MyThuso/Models/ConversationModeData.swift"; sourceTree = "<group>"; };
A11ACCE55B00000000000CM2 = { isa = PBXBuildFile; fileRef = A11ACCE55B00000000000CM1; };
A11ACCE55B00000000000IC1 = { isa = PBXFileReference; lastKnownFileType = sourcecode.swift; path = "MyThuso/Models/MyThusoIconsData.swift"; sourceTree = "<group>"; };
A11ACCE55B00000000000IC2 = { isa = PBXBuildFile; fileRef = A11ACCE55B00000000000IC1; };
A11ACCE55B00000000000TP3 = { isa = PBXFileReference; lastKnownFileType = sourcecode.swift; path = "MyThuso/Models/CareTips.swift"; sourceTree = "<group>"; };
A11ACCE55B00000000000TP4 = { isa = PBXBuildFile; fileRef = A11ACCE55B00000000000TP3; };
A11ACCE55B00000000000TP5 = { isa = PBXFileReference; lastKnownFileType = sourcecode.swift; path = "MyThuso/Features/CareTipsView.swift"; sourceTree = "<group>"; };
A11ACCE55B00000000000TP6 = { isa = PBXBuildFile; fileRef = A11ACCE55B00000000000TP5; };
A11ACCE55B00000000000PQ1 = { isa = PBXFileReference; lastKnownFileType = sourcecode.swift; path = "MyThuso/Models/PatientPagesData.swift"; sourceTree = "<group>"; };
A11ACCE55B00000000000PQ2 = { isa = PBXBuildFile; fileRef = A11ACCE55B00000000000PQ1; };
A11ACCE55B00000000000PQ3 = { isa = PBXFileReference; lastKnownFileType = sourcecode.swift; path = "MyThuso/Models/PatientPages.swift"; sourceTree = "<group>"; };
A11ACCE55B00000000000PQ4 = { isa = PBXBuildFile; fileRef = A11ACCE55B00000000000PQ3; };
A11ACCE55B00000000000PQ5 = { isa = PBXFileReference; lastKnownFileType = sourcecode.swift; path = "MyThuso/Features/PatientPagesView.swift"; sourceTree = "<group>"; };
A11ACCE55B00000000000PQ6 = { isa = PBXBuildFile; fileRef = A11ACCE55B00000000000PQ5; };
A11ACCE55B00000000000SK1 = { isa = PBXFileReference; lastKnownFileType = sourcecode.swift; path = "MyThuso/Models/SkinCheckData.swift"; sourceTree = "<group>"; };
A11ACCE55B00000000000SK2 = { isa = PBXBuildFile; fileRef = A11ACCE55B00000000000SK1; };
A11ACCE55B00000000000SK3 = { isa = PBXFileReference; lastKnownFileType = sourcecode.swift; path = "MyThuso/Models/SkinCheck.swift"; sourceTree = "<group>"; };
A11ACCE55B00000000000SK4 = { isa = PBXBuildFile; fileRef = A11ACCE55B00000000000SK3; };
A11ACCE55B00000000000SK5 = { isa = PBXFileReference; lastKnownFileType = sourcecode.swift; path = "MyThuso/Features/SkinCheckView.swift"; sourceTree = "<group>"; };
A11ACCE55B00000000000SK6 = { isa = PBXBuildFile; fileRef = A11ACCE55B00000000000SK5; };
A11ACCE55B00000000000SN1 = { isa = PBXFileReference; lastKnownFileType = sourcecode.swift; path = "MyThuso/Models/SickNoteData.swift"; sourceTree = "<group>"; };
A11ACCE55B00000000000SN2 = { isa = PBXBuildFile; fileRef = A11ACCE55B00000000000SN1; };
A11ACCE55B00000000000SN3 = { isa = PBXFileReference; lastKnownFileType = sourcecode.swift; path = "MyThuso/Models/SickNote.swift"; sourceTree = "<group>"; };
A11ACCE55B00000000000SN4 = { isa = PBXBuildFile; fileRef = A11ACCE55B00000000000SN3; };
A11ACCE55B00000000000SN5 = { isa = PBXFileReference; lastKnownFileType = sourcecode.swift; path = "MyThuso/Features/SickNoteView.swift"; sourceTree = "<group>"; };
A11ACCE55B00000000000SN6 = { isa = PBXBuildFile; fileRef = A11ACCE55B00000000000SN5; };
A11ACCE55B00000000000ES1 = { isa = PBXFileReference; lastKnownFileType = sourcecode.swift; path = "MyThuso/Models/EscalationData.swift"; sourceTree = "<group>"; };
A11ACCE55B00000000000ES2 = { isa = PBXBuildFile; fileRef = A11ACCE55B00000000000ES1; };
A11ACCE55B00000000000ES3 = { isa = PBXFileReference; lastKnownFileType = sourcecode.swift; path = "MyThuso/Models/Escalation.swift"; sourceTree = "<group>"; };
A11ACCE55B00000000000ES4 = { isa = PBXBuildFile; fileRef = A11ACCE55B00000000000ES3; };
6C5F774B6CDBF16CD346DDBE = { isa = PBXFileReference; lastKnownFileType = sourcecode.swift; path = "MyThuso/Models/AssistantClient.swift"; sourceTree = "<group>"; };
BBE35AF4F01474775C513D5C = { isa = PBXBuildFile; fileRef = 6C5F774B6CDBF16CD346DDBE; };
EF1767BE936C175A54207190 = { isa = PBXFileReference; lastKnownFileType = sourcecode.swift; path = "MyThuso/Features/GilbertVoice.swift"; sourceTree = "<group>"; };
1301B99174C7BF87F32F039A = { isa = PBXBuildFile; fileRef = EF1767BE936C175A54207190; };
D1889FD3977CDB08F2074253 = { isa = PBXFileReference; lastKnownFileType = sourcecode.swift; path = "MyThuso/Models/Teleconsult.swift"; sourceTree = "<group>"; };
CDFF6DA454AEF4998A255E83 = { isa = PBXBuildFile; fileRef = D1889FD3977CDB08F2074253; };
C602538B2163CB13072AB23C = { isa = PBXFileReference; lastKnownFileType = sourcecode.swift; path = "MyThuso/Models/TeleconsultData.swift"; sourceTree = "<group>"; };
F43905058A165D9A18D43FF1 = { isa = PBXBuildFile; fileRef = C602538B2163CB13072AB23C; };
5D8AD11F5C74E0E2D4CE9CB2 = { isa = PBXFileReference; lastKnownFileType = sourcecode.swift; path = "MyThuso/Models/Vetting.swift"; sourceTree = "<group>"; };
CD09500B9E171DCFC2DDCAFA = { isa = PBXBuildFile; fileRef = 5D8AD11F5C74E0E2D4CE9CB2; };
A3F1C0D24E7B815960CD2A44 = { isa = PBXFileReference; lastKnownFileType = sourcecode.swift; path = "MyThuso/Models/Geography.swift"; sourceTree = "<group>"; };
B7E4D9152C08A6F3418E5B70 = { isa = PBXBuildFile; fileRef = A3F1C0D24E7B815960CD2A44; };
C21A6F8B7D0349E5A6B1C8F2 = { isa = PBXFileReference; lastKnownFileType = sourcecode.swift; path = "MyThuso/Models/GeographyData.swift"; sourceTree = "<group>"; };
D80B5E3719A4CF62B03D7E15 = { isa = PBXBuildFile; fileRef = C21A6F8B7D0349E5A6B1C8F2; };
C497DA7A11E5B0349AC02D01 = { isa = PBXFileReference; lastKnownFileType = sourcecode.swift; path = "MyThuso/Models/CaptureData.swift"; sourceTree = "<group>"; };
C497DA7A11E5B0349AC02D02 = { isa = PBXBuildFile; fileRef = C497DA7A11E5B0349AC02D01; };
C497DA7A11E5B0349AC02D03 = { isa = PBXFileReference; lastKnownFileType = sourcecode.swift; path = "MyThuso/DesignSystem/Controls.swift"; sourceTree = "<group>"; };
C497DA7A11E5B0349AC02D04 = { isa = PBXBuildFile; fileRef = C497DA7A11E5B0349AC02D03; };
4355CD9945DB79A5C052D7E2 = { isa = PBXFileReference; lastKnownFileType = sourcecode.swift; path = "MyThuso/Models/VettingData.swift"; sourceTree = "<group>"; };
6F864DEFC6FA90084FDECD86 = { isa = PBXBuildFile; fileRef = 4355CD9945DB79A5C052D7E2; };
6113A1CFBE10D70C862A7E89 = { isa = PBXFileReference; lastKnownFileType = sourcecode.swift; path = "MyThuso/MyThusoApp.swift"; sourceTree = "<group>"; };
4CBF491B39CA4F03B32CF985 = { isa = PBXBuildFile; fileRef = 6113A1CFBE10D70C862A7E89; };
3685E330EC5277A9DD5661C6 = { isa = PBXFileReference; lastKnownFileType = folder.assetcatalog; path = MyThuso/Assets.xcassets; sourceTree = "<group>"; };
716E9590E60B3AFA6E62BF18 = { isa = PBXBuildFile; fileRef = 3685E330EC5277A9DD5661C6; };
38A007151ABE87CC01A5B6E9 = { isa = PBXFileReference; explicitFileType = wrapper.application; path = MyThuso.app; sourceTree = BUILT_PRODUCTS_DIR; };
A11ACCE55B00000000000001 = { isa = PBXFileReference; lastKnownFileType = sourcecode.swift; path = "MyThusoUITests/AccessibilityAudit.swift"; sourceTree = "<group>"; };
A11ACCE55B00000000000002 = { isa = PBXBuildFile; fileRef = A11ACCE55B00000000000001; };
A11ACCE55B00000000000003 = { isa = PBXFileReference; lastKnownFileType = sourcecode.swift; path = "MyThusoUITests/DynamicTypeTests.swift"; sourceTree = "<group>"; };
A11ACCE55B00000000000004 = { isa = PBXBuildFile; fileRef = A11ACCE55B00000000000003; };
A11ACCE55B00000000000005 = { isa = PBXFileReference; lastKnownFileType = sourcecode.swift; path = "MyThusoUITests/BookingJourneyTests.swift"; sourceTree = "<group>"; };
A11ACCE55B00000000000006 = { isa = PBXBuildFile; fileRef = A11ACCE55B00000000000005; };
A11ACCE55B00000000000007 = { isa = PBXGroup; children = (A11ACCE55B00000000000001,A11ACCE55B00000000000003,A11ACCE55B00000000000005,A11ACCE55B00000000000018,A11ACCE55B00000000000026,687AC95BCAF54196F92A9A6C,C497DA7A11E5B0349AC02D05,A11ACCE55B00000000000PQ7); name = MyThusoUITests; sourceTree = "<group>"; };
A11ACCE55B00000000000008 = { isa = PBXFileReference; explicitFileType = wrapper.cfbundle; includeInIndex = 0; path = MyThusoUITests.xctest; sourceTree = BUILT_PRODUCTS_DIR; };
A11ACCE55B00000000000009 = { isa = PBXSourcesBuildPhase; buildActionMask = 2147483647; files = (A11ACCE55B00000000000002,A11ACCE55B00000000000004,A11ACCE55B00000000000006,A11ACCE55B00000000000019,A11ACCE55B00000000000027,5A1AD2714845482CA7CC5DA3,C497DA7A11E5B0349AC02D06,A11ACCE55B00000000000PQ8); runOnlyForDeploymentPostprocessing = 0; };
A11ACCE55B00000000000010 = { isa = PBXFrameworksBuildPhase; buildActionMask = 2147483647; files = (); runOnlyForDeploymentPostprocessing = 0; };
A11ACCE55B00000000000011 = { isa = PBXResourcesBuildPhase; buildActionMask = 2147483647; files = (); runOnlyForDeploymentPostprocessing = 0; };
A11ACCE55B00000000000012 = { isa = XCBuildConfiguration; name = Debug; buildSettings = { PRODUCT_BUNDLE_IDENTIFIER = za.co.mythuso.preview.uitests; PRODUCT_NAME = MyThusoUITests; GENERATE_INFOPLIST_FILE = YES; TEST_TARGET_NAME = MyThuso; TARGETED_DEVICE_FAMILY = "1,2"; CODE_SIGN_STYLE = Automatic; SWIFT_VERSION = 5.0; IPHONEOS_DEPLOYMENT_TARGET = 17.0; SDKROOT = iphoneos; ALWAYS_EMBED_SWIFT_STANDARD_LIBRARIES = YES; ENABLE_USER_SCRIPT_SANDBOXING = YES; SWIFT_OPTIMIZATION_LEVEL = "-Onone"; DEBUG_INFORMATION_FORMAT = dwarf; }; };
A11ACCE55B00000000000013 = { isa = XCBuildConfiguration; name = Release; buildSettings = { PRODUCT_BUNDLE_IDENTIFIER = za.co.mythuso.preview.uitests; PRODUCT_NAME = MyThusoUITests; GENERATE_INFOPLIST_FILE = YES; TEST_TARGET_NAME = MyThuso; TARGETED_DEVICE_FAMILY = "1,2"; CODE_SIGN_STYLE = Automatic; SWIFT_VERSION = 5.0; IPHONEOS_DEPLOYMENT_TARGET = 17.0; SDKROOT = iphoneos; ALWAYS_EMBED_SWIFT_STANDARD_LIBRARIES = YES; ENABLE_USER_SCRIPT_SANDBOXING = YES; SWIFT_OPTIMIZATION_LEVEL = "-O"; }; };
A11ACCE55B00000000000014 = { isa = XCConfigurationList; buildConfigurations = (A11ACCE55B00000000000012,A11ACCE55B00000000000013); defaultConfigurationIsVisible = 0; defaultConfigurationName = Release; };
A11ACCE55B00000000000015 = { isa = PBXContainerItemProxy; containerPortal = 98F54143AB4E86B28C3AFEE0; proxyType = 1; remoteGlobalIDString = 0E8A3AD980EC179856012B7E; remoteInfo = MyThuso; };
A11ACCE55B00000000000016 = { isa = PBXTargetDependency; target = 0E8A3AD980EC179856012B7E; targetProxy = A11ACCE55B00000000000015; };
A11ACCE55B00000000000017 = { isa = PBXNativeTarget; buildConfigurationList = A11ACCE55B00000000000014; buildPhases = (A11ACCE55B00000000000009,A11ACCE55B00000000000010,A11ACCE55B00000000000011); buildRules = (); dependencies = (A11ACCE55B00000000000016); name = MyThusoUITests; productName = MyThusoUITests; productReference = A11ACCE55B00000000000008; productType = "com.apple.product-type.bundle.ui-testing"; };
FBDC4F23F93125BBEEAE800C = { isa = PBXGroup; children = (38A007151ABE87CC01A5B6E9,A11ACCE55B00000000000008); name = Products; sourceTree = "<group>"; };
DC76E9F0C0006E8F919E0C51 = { isa = PBXGroup; children = (A55E0B1C9D7F42A18E3C0D64,A11ACCE55B00000000000MY1,A11ACCE55B00000000000MD1,A11ACCE55B00000000000DF1,A11ACCE55B00000000000TQ1,A11ACCE55B00000000000EV1,A11ACCE55B00000000000AP1,A11ACCE55B00000000000CG1,A11ACCE55B00000000000PR1,A11ACCE55B00000000000S01,A11ACCE55B00000000000S03,A11ACCE55B00000000000S05,A11ACCE55B00000000000S07,63B112953C1D89BC4E6927D0,9672EC59820BDDAD2FBD99F9,B30E9DD276D5191A5C1166FE,3AA77074C13A6C4999615C68,01B980FEE088FEDC9178ADE8,A106ABD50AF12285BDD2BF87,6548B429936619CB7F34E62E,5CC64FF0A399489D9CB8183E,C1D8E612FD10564D81954AB3,9EB87AF3F8AFCD89A43AFB31,B173AA1F92E732DD5598174F,A3F1C0D24E7B815960CD2A44,C21A6F8B7D0349E5A6B1C8F2,C497DA7A11E5B0349AC02D01,C497DA7A11E5B0349AC02D03,6BD63AB31C4E8E478B803A34,941DC33BCE23053949686D71,B001C2424B42807247CAD631,FE2586305A6843A735EB2D1C,73140690B43EE8F5E3D47A3F,AC21BB141D83D829589764D9,93242FFF97A9FB0C852068B3,A25A446AA2DF4D7725E9E151,A1D4528D8527B11CE7CFECC9,730E623E1C1D855A215CF992,B5F97185EBB58DC513C9A666,3FE7C1ACFEAA1C1119AD157C,208D80C5D85CFD6760D2AD8A,8522B19DB3F2EAE8DE4FF8D5,0A21D818F9B83E40E55A986E,26ED2423E4C4D3FD919B678E,7B0C8DD740450733C4F02994,F1EFBBA1768D90CF26228AD5,62BD09CE9BB54A25CDED41E1,8FA8E9096D19B84C7AA17A0E,A11ACCE55B0000000000003C,A11ACCE55B00000000000CD0,29F4A58B25EA66F194439147,F263628ACDAC288C80ED4ED3,4A5846D6230C6D6DB66C10EA,1B5F71F6CA706E3D260A3A21,F38E19D8F81F314D0BA4BF1A,BB0B5A9A8E060A334870F36C,A17B3D7A71FD240B9ADA5600,A90578E96CE046617B43718D,C93D24F6657D5D26EE13256A,D15PE9C4A7B23F1064EE7710,C4A81E270B6D33F95AD1E884,A0B7F3D25C81E6497D22A1FB,E8C3B1A65D9027F41BB6E340,24F9A6C81E0B7D3596CC42AE,5D1EB840A93C6F275018CA76,A3F1C70D9E52B84416CD0FA2,C08B4A19D7E3520F61B9CA83,E5620B3FA1C7D9048E33B15C,A0F19E885AB1BA3428661555,7BF0B43833517246FA8E1E16,1B6E083BE713ED3FCE4F1CFA,A2AB1A9EA90E054D5648BCC4,F95E131214C54D3227EC6FD5,EFE21635A0CDEF423F62BF7F,EE109EC9C6FE273B714A2EE6,23135895FD1DC97EE0479297,D1889FD3977CDB08F2074253,C602538B2163CB13072AB23C,5D8AD11F5C74E0E2D4CE9CB2,4355CD9945DB79A5C052D7E2,6113A1CFBE10D70C862A7E89,3685E330EC5277A9DD5661C6,6ECFBE26FA61A2DACD145F5F,942F17B3632B3E315C149549,5D2AC96E9E721BEF1947F396,A11ACCE55B00000000000020,A11ACCE55B00000000000022,A11ACCE55B00000000000024,FBDC4F23F93125BBEEAE800C,A11ACCE55B00000000000007,4F5F303A45F4158820809E5F,A11ACCE55B00000000000CS0,CA3DC063C1C39F9CA0B40CDE,3306C77E757B0D0D7AA445FA,738AD008CC7EAEE694D8E2A6,D6DC8F10BDB9DC2652868B06,C4C35F8AE6DA7B9A063BE30A,A11ACCE55B00000000000030,A11ACCE55B00000000000032,A11ACCE55B00000000000034,A11ACCE55B00000000000036,A11ACCE55B00000000000038,A11ACCE55B0000000000003A,1B21039DF11052449C811F72,1EB3CD5A4E0B9378C3FAE1BE,C2151511E5000000000000F1,6C5F774B6CDBF16CD346DDBE,EF1767BE936C175A54207190,A11ACCE55B00000000000MP1,A11ACCE55B00000000000MP3,A11ACCE55B00000000000MP5,A11ACCE55B00000000000CV1,A11ACCE55B00000000000CV3,A11ACCE55B00000000000CV5,A54A19019F27EC9E50C97490,111E80D5E5CBE3C8AE754EA8,C0216BB1619714A9C7517B2B,D3272AE049FB75384E8ED7C6,435494CA0BD6DE836E7FD960,F520195A7E5224627C5B939A,A7E4A55E0000000000000VS1,A7E4A55E0000000000000VD1,A7E4A55E0000000000000VV1,A11ACCE55B00000000000RP1,A11ACCE55B00000000000RP3,A11ACCE55B00000000000RP5,375E7C9DBE0331244B3010DC,BD7574602A594E931922066D,34C125D92153642268ED3F3E,A11ACCE55B00000000000LV1,A11ACCE55B00000000000LV3,A11ACCE55B00000000000LV5,7C0A50171C00000000000A01,7C0A50171C00000000000A03,7C0A50171C00000000000A05,A11ACCE55B00000000000ME1,A11ACCE55B00000000000ME3,A11ACCE55B00000000000ME5,C11A1CA1000000000000A001,C11A1CA1000000000000A003,C11A1CA1000000000000A005,5E7A1B2C3D4E5F6071829301,5E7A1B2C3D4E5F6071829303,5E7A1B2C3D4E5F6071829305,5A1E0C7D2B9F4E6A8C3D1B01,5A1E0C7D2B9F4E6A8C3D1B03,5A1E0C7D2B9F4E6A8C3D1B05,A11ACCE55B00000000000GR1,A11ACCE55B00000000000GR3,A11ACCE55B00000000000GR5,A11ACCE55B00000000000HH1,A11ACCE55B00000000000TP1,A11ACCE55B00000000000TP3,A11ACCE55B00000000000TP5,A11ACCE55B00000000000CM1,A11ACCE55B00000000000IC1,E28C66D6D5562D6CD12C2F6A,7B8498E1C19ACE5FBBCE372F,D8B0390B8D96493FAE1BFD11,093A19F56A071BCE06ABFAA5,04E7B80EA03009036C76801E,F70182F9DAE67D194B6B98C9,DE32A6B75F92B8574DF38C48,7B525888F77E89E416BD57F2,CEE9C39619686DDAB78459BF,C343888266E2FE5D459E55DA,C99AC7CA604508E8E45A17CC,06B0EE37DFF3B30585ECB4AC,10BA8E0CA36AF9D94D7DD2D4,0AEF034E2F82D20162D97EC8,6E631F8445E3DD1D1D751C0A,4AD2897DCEC732B46B3D6639,B8A27C5F4ECC42365006F50D,A11ACCE55B00000000000PQ1,A11ACCE55B00000000000PQ3,A11ACCE55B00000000000PQ5,A11ACCE55B00000000000PD1,A11ACCE55B00000000000SK1,A11ACCE55B00000000000SK3,A11ACCE55B00000000000SK5,A11ACCE55B00000000000SN1,A11ACCE55B00000000000SN3,A11ACCE55B00000000000SN5,A11ACCE55B00000000000ES1,A11ACCE55B00000000000ES3); sourceTree = "<group>"; };
BCE16DD0260827ECF338C787 = { isa = PBXSourcesBuildPhase; buildActionMask = 2147483647; files = (B61F2C3D4E5A69B27C8D0F13,A11ACCE55B00000000000MY2,A11ACCE55B00000000000MD2,A11ACCE55B00000000000DF2,A11ACCE55B00000000000S02,A11ACCE55B00000000000S04,A11ACCE55B00000000000S06,A11ACCE55B00000000000S08,A11ACCE55B00000000000TQ2,A11ACCE55B00000000000EV2,A11ACCE55B00000000000AP2,A11ACCE55B00000000000CG2,A11ACCE55B00000000000PR2,E05D596293990A56929A09F7,0913814D6344FE7E977BD1F3,0928BE7452039D7428168800,66F2D4483A1DA5C1FB2ABA7E,5C1CBF285067533CC4F8B576,865FD28A0E0EFEA52D021432,C7F3D83D8BDCB58DCA628412,11A31AFE035613FB95C0B3EF,CE74FA7928559F83ADB6D7E2,9A249B557395AB86DFDD6448,0926A99D037D8439325885CF,EBE72D50CF30D3449033A3B0,AF42BCFEFCEE14FF0A9F3EA6,01FE23A6F9268B4C1EEBCF22,BDB19C5E209165D8C112D3EF,BB093D0956FAC9547E294D4F,C65F00441B35B92EE4CC4320,8EC1C803095109F2A7B35337,671F7DC043EFB3F7852D9818,80D8F1DB3022FA805A212CFD,66B57D57299C30CFF1069034,2640C7230F74F72C4FC6F505,C82E8D0D794CA0356CE2936D,25D7690F13EF73E3D74059D7,A11ACCE55B0000000000003D,A11ACCE55B00000000000CD1,38D51FBABEC05B12F0917BC7,787D65E44488748D21FA68BD,D0A7BD709A767CDE57B36011,9F41CA085246B9F783EC1217,E07C590266FF94156A4949AE,4A0C1AC8D0524D14D5F45079,887F24974EBBE1C63890DAB0,81EC820B25E8EB4601FEE7F3,79D8630730F928A61D2585CF,B72CA0F41D9E58730CC1A6D2,6E2F97B1CA0D45238F71B0C9,31D6C8E0AB47F2951E60D7A3,7A45D2E9C08B61F3552AD9BC,9B03E7D5426AF18C7DE0B215,C39A5F6B72E80D14A6B3F998,B71D2E5A48C0936F5A1E7DB4,D4E6018C5F2B79A3C8104ED7,F19C7D420E86B531A7C05D9E,84EC851027E571B2D4918243,98AC85CF627A0B6C90556561,E979C8622E4932A945311600,BD2E108D25EAD426050F95CB,EB340E037B8B400F2E66AFE3,700D9593F4B619D18DE4174E,EBFA7CBA8E3A5F730F583467,FAC5522A29B26BA17954EDED,CDFF6DA454AEF4998A255E83,F43905058A165D9A18D43FF1,CD09500B9E171DCFC2DDCAFA,6F864DEFC6FA90084FDECD86,4CBF491B39CA4F03B32CF985,D938EE8C2307AE08F8CD815E,00F10D6CFBA747E0D4E646EF,73EE2EEF949D0DE5DC496DB2,CC01C4A92EA521E8ED420EC3,78E297D622D41D14AB456182,ED5449508066D658D4B4BF65,1DE1A9CBF58ED35F3C6D6D69,B7E4D9152C08A6F3418E5B70,D80B5E3719A4CF62B03D7E15,C497DA7A11E5B0349AC02D02,C497DA7A11E5B0349AC02D04,90540CC513CD23E3995663BC,F78E58BE6898CC6B94CC493E,0E813C66A8C5E735DF953800,A11ACCE55B00000000000021,A11ACCE55B00000000000023,A11ACCE55B00000000000025,001451FF518596A97F1BF511,A11ACCE55B00000000000CS1,7793E59CCF3E74560E7DDF59,C4047A957DA1CC2DD1D2EDF9,EEBB22AA9D6FB77C3D8C6718,9CD1E3E211C620BC6E412790,41A9E50A2566623855A86DFC,A11ACCE55B00000000000031,A11ACCE55B00000000000033,A11ACCE55B00000000000035,A11ACCE55B00000000000037,A11ACCE55B00000000000039,A11ACCE55B0000000000003B,4813200D3DA5E95E3791351E,17D9FB58B76FB0250C56A844,C2151511E5000000000000B1,BBE35AF4F01474775C513D5C,1301B99174C7BF87F32F039A,A11ACCE55B00000000000MP2,A11ACCE55B00000000000MP4,A11ACCE55B00000000000MP6,A11ACCE55B00000000000CV2,A11ACCE55B00000000000CV4,A11ACCE55B00000000000CV6,3113CA4393A5B54EE15CD22D,243693CC4EDF51ACA50BF4E9,339270B4CC0C0D1AA866A870,66E68C6160E8FB21AFAB53EB,84FABADC07AC36A92D5C3DD7,B08E1B635E34B7A1E42F612D,A7E4A55E0000000000000VS2,A7E4A55E0000000000000VD2,A7E4A55E0000000000000VV2,A11ACCE55B00000000000RP2,A11ACCE55B00000000000RP4,A11ACCE55B00000000000RP6,C9FB04E8ADBC1873ED863D4E,087771A20ACEB5877AF352C1,9196713B78FBE74D9CB6016A,A11ACCE55B00000000000LV2,A11ACCE55B00000000000LV4,A11ACCE55B00000000000LV6,7C0A50171C00000000000A02,7C0A50171C00000000000A04,7C0A50171C00000000000A06,A11ACCE55B00000000000ME2,A11ACCE55B00000000000ME4,A11ACCE55B00000000000ME6,C11A1CA1000000000000A002,C11A1CA1000000000000A004,C11A1CA1000000000000A006,5E7A1B2C3D4E5F6071829302,5E7A1B2C3D4E5F6071829304,5E7A1B2C3D4E5F6071829306,5A1E0C7D2B9F4E6A8C3D1B02,5A1E0C7D2B9F4E6A8C3D1B04,5A1E0C7D2B9F4E6A8C3D1B06,A11ACCE55B00000000000GR2,A11ACCE55B00000000000GR4,A11ACCE55B00000000000GR6,A11ACCE55B00000000000HH2,A11ACCE55B00000000000TP2,A11ACCE55B00000000000TP4,A11ACCE55B00000000000TP6,A11ACCE55B00000000000CM2,A11ACCE55B00000000000IC2,C58147C4334D97646109AFBB,F2EDDC63358C04FCC0196B07,8E5464D036834D6526B17A2F,7215D078FB3D488B176E764A,1C7D9B58934F40B53E9148B7,3C66356BC60A0538650416CC,CE554F780F80006559FDF5C6,C7CE9CD8CF3D7681933B26B1,DF3CA2A628780CDD7513C991,CFAD576E917C7DD785A9146C,1701E63BC823693DA499A1A9,31D1A2C86A826745B8E83541,59D67849F37F6AE1E2694DD9,1F50B21D2575E8FE0DFDAC48,BFFFAFB73AF29CE174587652,A11ACCE55B00000000000PQ2,A11ACCE55B00000000000PQ4,A11ACCE55B00000000000PQ6,A11ACCE55B00000000000PD2,A11ACCE55B00000000000SK2,A11ACCE55B00000000000SK4,A11ACCE55B00000000000SK6,A11ACCE55B00000000000SN2,A11ACCE55B00000000000SN4,A11ACCE55B00000000000SN6,A11ACCE55B00000000000ES2,A11ACCE55B00000000000ES4); runOnlyForDeploymentPostprocessing = 0; };
0189424A5A60FED329FA868E = { isa = PBXResourcesBuildPhase; buildActionMask = 2147483647; files = (716E9590E60B3AFA6E62BF18,C4016BB9AB7C47EFF2756634); runOnlyForDeploymentPostprocessing = 0; };
7561BFB015D8F536760CB671 = { isa = PBXFrameworksBuildPhase; buildActionMask = 2147483647; files = (); runOnlyForDeploymentPostprocessing = 0; };
89E1FD6268CC0F221A2BE178 = { isa = XCBuildConfiguration; name = Debug; buildSettings = { SDKROOT = iphoneos; IPHONEOS_DEPLOYMENT_TARGET = 17.0; SWIFT_VERSION = 5.0; CLANG_ENABLE_MODULES = YES;  SWIFT_OPTIMIZATION_LEVEL = "-Onone"; DEBUG_INFORMATION_FORMAT = dwarf; }; };
E6DE6C99132752C914FEF632 = { isa = XCBuildConfiguration; name = Release; buildSettings = { SDKROOT = iphoneos; IPHONEOS_DEPLOYMENT_TARGET = 17.0; SWIFT_VERSION = 5.0; CLANG_ENABLE_MODULES = YES;  SWIFT_OPTIMIZATION_LEVEL = "-O"; }; };
862894B703A6DEDF96A9DD6C = { isa = XCConfigurationList; buildConfigurations = (89E1FD6268CC0F221A2BE178,E6DE6C99132752C914FEF632); defaultConfigurationIsVisible = 0; defaultConfigurationName = Release; };
7082CC0B6FC1282FCEABD07A = { isa = XCBuildConfiguration; name = Debug; buildSettings = { SWIFT_ACTIVE_COMPILATION_CONDITIONS = DEBUG; ASSETCATALOG_COMPILER_APPICON_NAME = AppIcon; PRODUCT_BUNDLE_IDENTIFIER = za.co.mythuso.preview; PRODUCT_NAME = MyThuso; GENERATE_INFOPLIST_FILE = YES; INFOPLIST_FILE = MyThuso/Info.plist; INFOPLIST_KEY_NSMicrophoneUsageDescription = "GilbertOne uses the microphone only after you tap the sphere, to hear a question in English. No recording is made."; INFOPLIST_KEY_NSSpeechRecognitionUsageDescription = "GilbertOne turns what you say into text on this phone, so you can check it before it is sent. Nothing you say leaves the phone."; INFOPLIST_KEY_UILaunchScreen_Generation = YES; INFOPLIST_KEY_UIApplicationSceneManifest_Generation = YES; TARGETED_DEVICE_FAMILY = "1,2"; CURRENT_PROJECT_VERSION = 1; MARKETING_VERSION = 0.1.0; CODE_SIGN_STYLE = Automatic; ENABLE_USER_SCRIPT_SANDBOXING = YES;  SWIFT_OPTIMIZATION_LEVEL = "-Onone"; DEBUG_INFORMATION_FORMAT = dwarf; }; };
639A7CA24D39909E713B47F7 = { isa = XCBuildConfiguration; name = Release; buildSettings = { ASSETCATALOG_COMPILER_APPICON_NAME = AppIcon; PRODUCT_BUNDLE_IDENTIFIER = za.co.mythuso.preview; PRODUCT_NAME = MyThuso; GENERATE_INFOPLIST_FILE = YES; INFOPLIST_FILE = MyThuso/Info.plist; INFOPLIST_KEY_NSMicrophoneUsageDescription = "GilbertOne uses the microphone only after you tap the sphere, to hear a question in English. No recording is made."; INFOPLIST_KEY_NSSpeechRecognitionUsageDescription = "GilbertOne turns what you say into text on this phone, so you can check it before it is sent. Nothing you say leaves the phone."; INFOPLIST_KEY_UILaunchScreen_Generation = YES; INFOPLIST_KEY_UIApplicationSceneManifest_Generation = YES; TARGETED_DEVICE_FAMILY = "1,2"; CURRENT_PROJECT_VERSION = 1; MARKETING_VERSION = 0.1.0; CODE_SIGN_STYLE = Automatic; ENABLE_USER_SCRIPT_SANDBOXING = YES;  SWIFT_OPTIMIZATION_LEVEL = "-O"; }; };
C57128001CE614BF8549D6BB = { isa = XCConfigurationList; buildConfigurations = (7082CC0B6FC1282FCEABD07A,639A7CA24D39909E713B47F7); defaultConfigurationIsVisible = 0; defaultConfigurationName = Release; };
0E8A3AD980EC179856012B7E = { isa = PBXNativeTarget; buildConfigurationList = C57128001CE614BF8549D6BB; buildPhases = (BCE16DD0260827ECF338C787,7561BFB015D8F536760CB671,0189424A5A60FED329FA868E); buildRules = (); dependencies = (); name = MyThuso; productName = MyThuso; productReference = 38A007151ABE87CC01A5B6E9; productType = "com.apple.product-type.application"; };
98F54143AB4E86B28C3AFEE0 = { isa = PBXProject; attributes = { LastUpgradeCheck = 1600; TargetAttributes = { A11ACCE55B00000000000017 = { TestTargetID = 0E8A3AD980EC179856012B7E; }; }; }; buildConfigurationList = 862894B703A6DEDF96A9DD6C; compatibilityVersion = "Xcode 14.0"; developmentRegion = en; knownRegions = (en,Base); mainGroup = DC76E9F0C0006E8F919E0C51; productRefGroup = FBDC4F23F93125BBEEAE800C; projectDirPath = ""; projectRoot = ""; targets = (0E8A3AD980EC179856012B7E,A11ACCE55B00000000000017); };
}; rootObject = 98F54143AB4E86B28C3AFEE0; }
