// !$*UTF8*$!
{ archiveVersion = 1; classes = {}; objectVersion = 56; objects = {
6BD63AB31C4E8E478B803A34 = { isa = PBXFileReference; lastKnownFileType = sourcecode.swift; path = "MyThuso/DesignSystem/CaptureMarks.swift"; sourceTree = "<group>"; };
5C1CBF285067533CC4F8B576 = { isa = PBXBuildFile; fileRef = 6BD63AB31C4E8E478B803A34; };
941DC33BCE23053949686D71 = { isa = PBXFileReference; lastKnownFileType = sourcecode.swift; path = "MyThuso/DesignSystem/ClinicalChart.swift"; sourceTree = "<group>"; };
865FD28A0E0EFEA52D021432 = { isa = PBXBuildFile; fileRef = 941DC33BCE23053949686D71; };
B001C2424B42807247CAD631 = { isa = PBXFileReference; lastKnownFileType = sourcecode.swift; path = "MyThuso/DesignSystem/HeroCarousel.swift"; sourceTree = "<group>"; };
C7F3D83D8BDCB58DCA628412 = { isa = PBXBuildFile; fileRef = B001C2424B42807247CAD631; };
FE2586305A6843A735EB2D1C = { isa = PBXFileReference; lastKnownFileType = sourcecode.swift; path = "MyThuso/DesignSystem/SystemStates.swift"; sourceTree = "<group>"; };
11A31AFE035613FB95C0B3EF = { isa = PBXBuildFile; fileRef = FE2586305A6843A735EB2D1C; };
73140690B43EE8F5E3D47A3F = { isa = PBXFileReference; lastKnownFileType = sourcecode.swift; path = "MyThuso/DesignSystem/Theme.swift"; sourceTree = "<group>"; };
CE74FA7928559F83ADB6D7E2 = { isa = PBXBuildFile; fileRef = 73140690B43EE8F5E3D47A3F; };
AC21BB141D83D829589764D9 = { isa = PBXFileReference; lastKnownFileType = sourcecode.swift; path = "MyThuso/DesignSystem/Tokens.swift"; sourceTree = "<group>"; };
9A249B557395AB86DFDD6448 = { isa = PBXBuildFile; fileRef = AC21BB141D83D829589764D9; };
93242FFF97A9FB0C852068B3 = { isa = PBXFileReference; lastKnownFileType = sourcecode.swift; path = "MyThuso/Features/AssessmentView.swift"; sourceTree = "<group>"; };
0926A99D037D8439325885CF = { isa = PBXBuildFile; fileRef = 93242FFF97A9FB0C852068B3; };
A25A446AA2DF4D7725E9E151 = { isa = PBXFileReference; lastKnownFileType = sourcecode.swift; path = "MyThuso/Features/BookingView.swift"; sourceTree = "<group>"; };
EBE72D50CF30D3449033A3B0 = { isa = PBXBuildFile; fileRef = A25A446AA2DF4D7725E9E151; };
A1D4528D8527B11CE7CFECC9 = { isa = PBXFileReference; lastKnownFileType = sourcecode.swift; path = "MyThuso/Features/CaptureQueueView.swift"; sourceTree = "<group>"; };
AF42BCFEFCEE14FF0A9F3EA6 = { isa = PBXBuildFile; fileRef = A1D4528D8527B11CE7CFECC9; };
730E623E1C1D855A215CF992 = { isa = PBXFileReference; lastKnownFileType = sourcecode.swift; path = "MyThuso/Features/ConsultationView.swift"; sourceTree = "<group>"; };
01FE23A6F9268B4C1EEBCF22 = { isa = PBXBuildFile; fileRef = 730E623E1C1D855A215CF992; };
B5F97185EBB58DC513C9A666 = { isa = PBXFileReference; lastKnownFileType = sourcecode.swift; path = "MyThuso/Features/DispatchView.swift"; sourceTree = "<group>"; };
BDB19C5E209165D8C112D3EF = { isa = PBXBuildFile; fileRef = B5F97185EBB58DC513C9A666; };
3FE7C1ACFEAA1C1119AD157C = { isa = PBXFileReference; lastKnownFileType = sourcecode.swift; path = "MyThuso/Features/EarningsView.swift"; sourceTree = "<group>"; };
BB093D0956FAC9547E294D4F = { isa = PBXBuildFile; fileRef = 3FE7C1ACFEAA1C1119AD157C; };
208D80C5D85CFD6760D2AD8A = { isa = PBXFileReference; lastKnownFileType = sourcecode.swift; path = "MyThuso/Features/GuardianView.swift"; sourceTree = "<group>"; };
C65F00441B35B92EE4CC4320 = { isa = PBXBuildFile; fileRef = 208D80C5D85CFD6760D2AD8A; };
8522B19DB3F2EAE8DE4FF8D5 = { isa = PBXFileReference; lastKnownFileType = sourcecode.swift; path = "MyThuso/Features/HealthSummaryView.swift"; sourceTree = "<group>"; };
8EC1C803095109F2A7B35337 = { isa = PBXBuildFile; fileRef = 8522B19DB3F2EAE8DE4FF8D5; };
0A21D818F9B83E40E55A986E = { isa = PBXFileReference; lastKnownFileType = sourcecode.swift; path = "MyThuso/Features/HomeView.swift"; sourceTree = "<group>"; };
671F7DC043EFB3F7852D9818 = { isa = PBXBuildFile; fileRef = 0A21D818F9B83E40E55A986E; };
26ED2423E4C4D3FD919B678E = { isa = PBXFileReference; lastKnownFileType = sourcecode.swift; path = "MyThuso/Features/HouseholdView.swift"; sourceTree = "<group>"; };
80D8F1DB3022FA805A212CFD = { isa = PBXBuildFile; fileRef = 26ED2423E4C4D3FD919B678E; };
7B0C8DD740450733C4F02994 = { isa = PBXFileReference; lastKnownFileType = sourcecode.swift; path = "MyThuso/Features/KitView.swift"; sourceTree = "<group>"; };
66B57D57299C30CFF1069034 = { isa = PBXBuildFile; fileRef = 7B0C8DD740450733C4F02994; };
F1EFBBA1768D90CF26228AD5 = { isa = PBXFileReference; lastKnownFileType = sourcecode.swift; path = "MyThuso/Features/OnboardingView.swift"; sourceTree = "<group>"; };
2640C7230F74F72C4FC6F505 = { isa = PBXBuildFile; fileRef = F1EFBBA1768D90CF26228AD5; };
62BD09CE9BB54A25CDED41E1 = { isa = PBXFileReference; lastKnownFileType = sourcecode.swift; path = "MyThuso/Features/OrdersView.swift"; sourceTree = "<group>"; };
C82E8D0D794CA0356CE2936D = { isa = PBXBuildFile; fileRef = 62BD09CE9BB54A25CDED41E1; };
8FA8E9096D19B84C7AA17A0E = { isa = PBXFileReference; lastKnownFileType = sourcecode.swift; path = "MyThuso/Features/PassportView.swift"; sourceTree = "<group>"; };
25D7690F13EF73E3D74059D7 = { isa = PBXBuildFile; fileRef = 8FA8E9096D19B84C7AA17A0E; };
29F4A58B25EA66F194439147 = { isa = PBXFileReference; lastKnownFileType = sourcecode.swift; path = "MyThuso/Features/PatientFileView.swift"; sourceTree = "<group>"; };
38D51FBABEC05B12F0917BC7 = { isa = PBXBuildFile; fileRef = 29F4A58B25EA66F194439147; };
F263628ACDAC288C80ED4ED3 = { isa = PBXFileReference; lastKnownFileType = sourcecode.swift; path = "MyThuso/Features/SosView.swift"; sourceTree = "<group>"; };
787D65E44488748D21FA68BD = { isa = PBXBuildFile; fileRef = F263628ACDAC288C80ED4ED3; };
4A5846D6230C6D6DB66C10EA = { isa = PBXFileReference; lastKnownFileType = sourcecode.swift; path = "MyThuso/Features/TeleconsultView.swift"; sourceTree = "<group>"; };
D0A7BD709A767CDE57B36011 = { isa = PBXBuildFile; fileRef = 4A5846D6230C6D6DB66C10EA; };
1B5F71F6CA706E3D260A3A21 = { isa = PBXFileReference; lastKnownFileType = sourcecode.swift; path = "MyThuso/Features/VettingView.swift"; sourceTree = "<group>"; };
9F41CA085246B9F783EC1217 = { isa = PBXBuildFile; fileRef = 1B5F71F6CA706E3D260A3A21; };
F38E19D8F81F314D0BA4BF1A = { isa = PBXFileReference; lastKnownFileType = sourcecode.swift; path = "MyThuso/Models/Capture.swift"; sourceTree = "<group>"; };
E07C590266FF94156A4949AE = { isa = PBXBuildFile; fileRef = F38E19D8F81F314D0BA4BF1A; };
BB0B5A9A8E060A334870F36C = { isa = PBXFileReference; lastKnownFileType = sourcecode.swift; path = "MyThuso/Models/CaptureQueue.swift"; sourceTree = "<group>"; };
4A0C1AC8D0524D14D5F45079 = { isa = PBXBuildFile; fileRef = BB0B5A9A8E060A334870F36C; };
A17B3D7A71FD240B9ADA5600 = { isa = PBXFileReference; lastKnownFileType = sourcecode.swift; path = "MyThuso/Models/CareService.swift"; sourceTree = "<group>"; };
01B980FEE088FEDC9178ADE8 = { isa = PBXFileReference; lastKnownFileType = sourcecode.swift; path = "MyThuso/Models/Scheduling.swift"; sourceTree = "<group>"; };
D938EE8C2307AE08F8CD815E = { isa = PBXBuildFile; fileRef = 01B980FEE088FEDC9178ADE8; };
A106ABD50AF12285BDD2BF87 = { isa = PBXFileReference; lastKnownFileType = sourcecode.swift; path = "MyThuso/Models/SchedulingData.swift"; sourceTree = "<group>"; };
00F10D6CFBA747E0D4E646EF = { isa = PBXBuildFile; fileRef = A106ABD50AF12285BDD2BF87; };
887F24974EBBE1C63890DAB0 = { isa = PBXBuildFile; fileRef = A17B3D7A71FD240B9ADA5600; };
A90578E96CE046617B43718D = { isa = PBXFileReference; lastKnownFileType = sourcecode.swift; path = "MyThuso/Models/Earnings.swift"; sourceTree = "<group>"; };
81EC820B25E8EB4601FEE7F3 = { isa = PBXBuildFile; fileRef = A90578E96CE046617B43718D; };
C93D24F6657D5D26EE13256A = { isa = PBXFileReference; lastKnownFileType = sourcecode.swift; path = "MyThuso/Models/EarningsData.swift"; sourceTree = "<group>"; };
79D8630730F928A61D2585CF = { isa = PBXBuildFile; fileRef = C93D24F6657D5D26EE13256A; };
D15PE9C4A7B23F1064EE7710 = { isa = PBXFileReference; lastKnownFileType = sourcecode.swift; path = "MyThuso/Features/DispensingView.swift"; sourceTree = "<group>"; };
B72CA0F41D9E58730CC1A6D2 = { isa = PBXBuildFile; fileRef = D15PE9C4A7B23F1064EE7710; };
C4A81E270B6D33F95AD1E884 = { isa = PBXFileReference; lastKnownFileType = sourcecode.swift; path = "MyThuso/Models/Dispensing.swift"; sourceTree = "<group>"; };
6E2F97B1CA0D45238F71B0C9 = { isa = PBXBuildFile; fileRef = C4A81E270B6D33F95AD1E884; };
A0B7F3D25C81E6497D22A1FB = { isa = PBXFileReference; lastKnownFileType = sourcecode.swift; path = "MyThuso/Models/DispensingData.swift"; sourceTree = "<group>"; };
31D6C8E0AB47F2951E60D7A3 = { isa = PBXBuildFile; fileRef = A0B7F3D25C81E6497D22A1FB; };
E8C3B1A65D9027F41BB6E340 = { isa = PBXFileReference; lastKnownFileType = sourcecode.swift; path = "MyThuso/Features/ProgrammesView.swift"; sourceTree = "<group>"; };
7A45D2E9C08B61F3552AD9BC = { isa = PBXBuildFile; fileRef = E8C3B1A65D9027F41BB6E340; };
24F9A6C81E0B7D3596CC42AE = { isa = PBXFileReference; lastKnownFileType = sourcecode.swift; path = "MyThuso/Models/Programmes.swift"; sourceTree = "<group>"; };
9B03E7D5426AF18C7DE0B215 = { isa = PBXBuildFile; fileRef = 24F9A6C81E0B7D3596CC42AE; };
5D1EB840A93C6F275018CA76 = { isa = PBXFileReference; lastKnownFileType = sourcecode.swift; path = "MyThuso/Models/ProgrammesData.swift"; sourceTree = "<group>"; };
C39A5F6B72E80D14A6B3F998 = { isa = PBXBuildFile; fileRef = 5D1EB840A93C6F275018CA76; };
A3F1C70D9E52B84416CD0FA2 = { isa = PBXFileReference; lastKnownFileType = sourcecode.swift; path = "MyThuso/Features/InterpretingView.swift"; sourceTree = "<group>"; };
B71D2E5A48C0936F5A1E7DB4 = { isa = PBXBuildFile; fileRef = A3F1C70D9E52B84416CD0FA2; };
C08B4A19D7E3520F61B9CA83 = { isa = PBXFileReference; lastKnownFileType = sourcecode.swift; path = "MyThuso/Models/Interpreting.swift"; sourceTree = "<group>"; };
D4E6018C5F2B79A3C8104ED7 = { isa = PBXBuildFile; fileRef = C08B4A19D7E3520F61B9CA83; };
E5620B3FA1C7D9048E33B15C = { isa = PBXFileReference; lastKnownFileType = sourcecode.swift; path = "MyThuso/Models/InterpretingData.swift"; sourceTree = "<group>"; };
F19C7D420E86B531A7C05D9E = { isa = PBXBuildFile; fileRef = E5620B3FA1C7D9048E33B15C; };
A0F19E885AB1BA3428661555 = { isa = PBXFileReference; lastKnownFileType = sourcecode.swift; path = "MyThuso/Models/Geo.swift"; sourceTree = "<group>"; };
84EC851027E571B2D4918243 = { isa = PBXBuildFile; fileRef = A0F19E885AB1BA3428661555; };
7BF0B43833517246FA8E1E16 = { isa = PBXFileReference; lastKnownFileType = sourcecode.swift; path = "MyThuso/Models/Household.swift"; sourceTree = "<group>"; };
98AC85CF627A0B6C90556561 = { isa = PBXBuildFile; fileRef = 7BF0B43833517246FA8E1E16; };
1B6E083BE713ED3FCE4F1CFA = { isa = PBXFileReference; lastKnownFileType = sourcecode.swift; path = "MyThuso/Models/Localisation.swift"; sourceTree = "<group>"; };
E979C8622E4932A945311600 = { isa = PBXBuildFile; fileRef = 1B6E083BE713ED3FCE4F1CFA; };
A2AB1A9EA90E054D5648BCC4 = { isa = PBXFileReference; lastKnownFileType = sourcecode.swift; path = "MyThuso/Models/LocalisationData.swift"; sourceTree = "<group>"; };
BD2E108D25EAD426050F95CB = { isa = PBXBuildFile; fileRef = A2AB1A9EA90E054D5648BCC4; };
F95E131214C54D3227EC6FD5 = { isa = PBXFileReference; lastKnownFileType = sourcecode.swift; path = "MyThuso/Models/Records.swift"; sourceTree = "<group>"; };
EB340E037B8B400F2E66AFE3 = { isa = PBXBuildFile; fileRef = F95E131214C54D3227EC6FD5; };
EFE21635A0CDEF423F62BF7F = { isa = PBXFileReference; lastKnownFileType = sourcecode.swift; path = "MyThuso/Models/RecordsData.swift"; sourceTree = "<group>"; };
700D9593F4B619D18DE4174E = { isa = PBXBuildFile; fileRef = EFE21635A0CDEF423F62BF7F; };
EE109EC9C6FE273B714A2EE6 = { isa = PBXFileReference; lastKnownFileType = sourcecode.swift; path = "MyThuso/Models/Sos.swift"; sourceTree = "<group>"; };
EBFA7CBA8E3A5F730F583467 = { isa = PBXBuildFile; fileRef = EE109EC9C6FE273B714A2EE6; };
23135895FD1DC97EE0479297 = { isa = PBXFileReference; lastKnownFileType = sourcecode.swift; path = "MyThuso/Models/SosData.swift"; sourceTree = "<group>"; };
FAC5522A29B26BA17954EDED = { isa = PBXBuildFile; fileRef = 23135895FD1DC97EE0479297; };
D1889FD3977CDB08F2074253 = { isa = PBXFileReference; lastKnownFileType = sourcecode.swift; path = "MyThuso/Models/Teleconsult.swift"; sourceTree = "<group>"; };
CDFF6DA454AEF4998A255E83 = { isa = PBXBuildFile; fileRef = D1889FD3977CDB08F2074253; };
C602538B2163CB13072AB23C = { isa = PBXFileReference; lastKnownFileType = sourcecode.swift; path = "MyThuso/Models/TeleconsultData.swift"; sourceTree = "<group>"; };
F43905058A165D9A18D43FF1 = { isa = PBXBuildFile; fileRef = C602538B2163CB13072AB23C; };
5D8AD11F5C74E0E2D4CE9CB2 = { isa = PBXFileReference; lastKnownFileType = sourcecode.swift; path = "MyThuso/Models/Vetting.swift"; sourceTree = "<group>"; };
CD09500B9E171DCFC2DDCAFA = { isa = PBXBuildFile; fileRef = 5D8AD11F5C74E0E2D4CE9CB2; };
A3F1C0D24E7B815960CD2A44 = { isa = PBXFileReference; lastKnownFileType = sourcecode.swift; path = "MyThuso/Models/Geography.swift"; sourceTree = "<group>"; };
B7E4D9152C08A6F3418E5B70 = { isa = PBXBuildFile; fileRef = A3F1C0D24E7B815960CD2A44; };
C21A6F8B7D0349E5A6B1C8F2 = { isa = PBXFileReference; lastKnownFileType = sourcecode.swift; path = "MyThuso/Models/GeographyData.swift"; sourceTree = "<group>"; };
D80B5E3719A4CF62B03D7E15 = { isa = PBXBuildFile; fileRef = C21A6F8B7D0349E5A6B1C8F2; };
4355CD9945DB79A5C052D7E2 = { isa = PBXFileReference; lastKnownFileType = sourcecode.swift; path = "MyThuso/Models/VettingData.swift"; sourceTree = "<group>"; };
6F864DEFC6FA90084FDECD86 = { isa = PBXBuildFile; fileRef = 4355CD9945DB79A5C052D7E2; };
6113A1CFBE10D70C862A7E89 = { isa = PBXFileReference; lastKnownFileType = sourcecode.swift; path = "MyThuso/MyThusoApp.swift"; sourceTree = "<group>"; };
4CBF491B39CA4F03B32CF985 = { isa = PBXBuildFile; fileRef = 6113A1CFBE10D70C862A7E89; };
3685E330EC5277A9DD5661C6 = { isa = PBXFileReference; lastKnownFileType = folder.assetcatalog; path = MyThuso/Assets.xcassets; sourceTree = "<group>"; };
716E9590E60B3AFA6E62BF18 = { isa = PBXBuildFile; fileRef = 3685E330EC5277A9DD5661C6; };
38A007151ABE87CC01A5B6E9 = { isa = PBXFileReference; explicitFileType = wrapper.application; path = MyThuso.app; sourceTree = BUILT_PRODUCTS_DIR; };
FBDC4F23F93125BBEEAE800C = { isa = PBXGroup; children = (38A007151ABE87CC01A5B6E9); name = Products; sourceTree = "<group>"; };
DC76E9F0C0006E8F919E0C51 = { isa = PBXGroup; children = (01B980FEE088FEDC9178ADE8,A106ABD50AF12285BDD2BF87,A3F1C0D24E7B815960CD2A44,C21A6F8B7D0349E5A6B1C8F2,6BD63AB31C4E8E478B803A34,941DC33BCE23053949686D71,B001C2424B42807247CAD631,FE2586305A6843A735EB2D1C,73140690B43EE8F5E3D47A3F,AC21BB141D83D829589764D9,93242FFF97A9FB0C852068B3,A25A446AA2DF4D7725E9E151,A1D4528D8527B11CE7CFECC9,730E623E1C1D855A215CF992,B5F97185EBB58DC513C9A666,3FE7C1ACFEAA1C1119AD157C,208D80C5D85CFD6760D2AD8A,8522B19DB3F2EAE8DE4FF8D5,0A21D818F9B83E40E55A986E,26ED2423E4C4D3FD919B678E,7B0C8DD740450733C4F02994,F1EFBBA1768D90CF26228AD5,62BD09CE9BB54A25CDED41E1,8FA8E9096D19B84C7AA17A0E,29F4A58B25EA66F194439147,F263628ACDAC288C80ED4ED3,4A5846D6230C6D6DB66C10EA,1B5F71F6CA706E3D260A3A21,F38E19D8F81F314D0BA4BF1A,BB0B5A9A8E060A334870F36C,A17B3D7A71FD240B9ADA5600,A90578E96CE046617B43718D,C93D24F6657D5D26EE13256A,D15PE9C4A7B23F1064EE7710,C4A81E270B6D33F95AD1E884,A0B7F3D25C81E6497D22A1FB,E8C3B1A65D9027F41BB6E340,24F9A6C81E0B7D3596CC42AE,5D1EB840A93C6F275018CA76,A3F1C70D9E52B84416CD0FA2,C08B4A19D7E3520F61B9CA83,E5620B3FA1C7D9048E33B15C,A0F19E885AB1BA3428661555,7BF0B43833517246FA8E1E16,1B6E083BE713ED3FCE4F1CFA,A2AB1A9EA90E054D5648BCC4,F95E131214C54D3227EC6FD5,EFE21635A0CDEF423F62BF7F,EE109EC9C6FE273B714A2EE6,23135895FD1DC97EE0479297,D1889FD3977CDB08F2074253,C602538B2163CB13072AB23C,5D8AD11F5C74E0E2D4CE9CB2,4355CD9945DB79A5C052D7E2,6113A1CFBE10D70C862A7E89,3685E330EC5277A9DD5661C6,FBDC4F23F93125BBEEAE800C); sourceTree = "<group>"; };
BCE16DD0260827ECF338C787 = { isa = PBXSourcesBuildPhase; buildActionMask = 2147483647; files = (5C1CBF285067533CC4F8B576,865FD28A0E0EFEA52D021432,C7F3D83D8BDCB58DCA628412,11A31AFE035613FB95C0B3EF,CE74FA7928559F83ADB6D7E2,9A249B557395AB86DFDD6448,0926A99D037D8439325885CF,EBE72D50CF30D3449033A3B0,AF42BCFEFCEE14FF0A9F3EA6,01FE23A6F9268B4C1EEBCF22,BDB19C5E209165D8C112D3EF,BB093D0956FAC9547E294D4F,C65F00441B35B92EE4CC4320,8EC1C803095109F2A7B35337,671F7DC043EFB3F7852D9818,80D8F1DB3022FA805A212CFD,66B57D57299C30CFF1069034,2640C7230F74F72C4FC6F505,C82E8D0D794CA0356CE2936D,25D7690F13EF73E3D74059D7,38D51FBABEC05B12F0917BC7,787D65E44488748D21FA68BD,D0A7BD709A767CDE57B36011,9F41CA085246B9F783EC1217,E07C590266FF94156A4949AE,4A0C1AC8D0524D14D5F45079,887F24974EBBE1C63890DAB0,81EC820B25E8EB4601FEE7F3,79D8630730F928A61D2585CF,B72CA0F41D9E58730CC1A6D2,6E2F97B1CA0D45238F71B0C9,31D6C8E0AB47F2951E60D7A3,7A45D2E9C08B61F3552AD9BC,9B03E7D5426AF18C7DE0B215,C39A5F6B72E80D14A6B3F998,B71D2E5A48C0936F5A1E7DB4,D4E6018C5F2B79A3C8104ED7,F19C7D420E86B531A7C05D9E,84EC851027E571B2D4918243,98AC85CF627A0B6C90556561,E979C8622E4932A945311600,BD2E108D25EAD426050F95CB,EB340E037B8B400F2E66AFE3,700D9593F4B619D18DE4174E,EBFA7CBA8E3A5F730F583467,FAC5522A29B26BA17954EDED,CDFF6DA454AEF4998A255E83,F43905058A165D9A18D43FF1,CD09500B9E171DCFC2DDCAFA,6F864DEFC6FA90084FDECD86,4CBF491B39CA4F03B32CF985,D938EE8C2307AE08F8CD815E,00F10D6CFBA747E0D4E646EF,B7E4D9152C08A6F3418E5B70,D80B5E3719A4CF62B03D7E15); runOnlyForDeploymentPostprocessing = 0; };
0189424A5A60FED329FA868E = { isa = PBXResourcesBuildPhase; buildActionMask = 2147483647; files = (716E9590E60B3AFA6E62BF18); runOnlyForDeploymentPostprocessing = 0; };
7561BFB015D8F536760CB671 = { isa = PBXFrameworksBuildPhase; buildActionMask = 2147483647; files = (); runOnlyForDeploymentPostprocessing = 0; };
89E1FD6268CC0F221A2BE178 = { isa = XCBuildConfiguration; name = Debug; buildSettings = { SDKROOT = iphoneos; IPHONEOS_DEPLOYMENT_TARGET = 17.0; SWIFT_VERSION = 5.0; CLANG_ENABLE_MODULES = YES;  SWIFT_OPTIMIZATION_LEVEL = "-Onone"; DEBUG_INFORMATION_FORMAT = dwarf; }; };
E6DE6C99132752C914FEF632 = { isa = XCBuildConfiguration; name = Release; buildSettings = { SDKROOT = iphoneos; IPHONEOS_DEPLOYMENT_TARGET = 17.0; SWIFT_VERSION = 5.0; CLANG_ENABLE_MODULES = YES;  SWIFT_OPTIMIZATION_LEVEL = "-O"; }; };
862894B703A6DEDF96A9DD6C = { isa = XCConfigurationList; buildConfigurations = (89E1FD6268CC0F221A2BE178,E6DE6C99132752C914FEF632); defaultConfigurationIsVisible = 0; defaultConfigurationName = Release; };
7082CC0B6FC1282FCEABD07A = { isa = XCBuildConfiguration; name = Debug; buildSettings = { PRODUCT_BUNDLE_IDENTIFIER = za.co.mythuso.preview; PRODUCT_NAME = MyThuso; GENERATE_INFOPLIST_FILE = YES; INFOPLIST_KEY_UILaunchScreen_Generation = YES; INFOPLIST_KEY_UIApplicationSceneManifest_Generation = YES; TARGETED_DEVICE_FAMILY = "1,2"; CURRENT_PROJECT_VERSION = 1; MARKETING_VERSION = 0.1.0; CODE_SIGN_STYLE = Automatic; ENABLE_USER_SCRIPT_SANDBOXING = YES;  SWIFT_OPTIMIZATION_LEVEL = "-Onone"; DEBUG_INFORMATION_FORMAT = dwarf; }; };
639A7CA24D39909E713B47F7 = { isa = XCBuildConfiguration; name = Release; buildSettings = { PRODUCT_BUNDLE_IDENTIFIER = za.co.mythuso.preview; PRODUCT_NAME = MyThuso; GENERATE_INFOPLIST_FILE = YES; INFOPLIST_KEY_UILaunchScreen_Generation = YES; INFOPLIST_KEY_UIApplicationSceneManifest_Generation = YES; TARGETED_DEVICE_FAMILY = "1,2"; CURRENT_PROJECT_VERSION = 1; MARKETING_VERSION = 0.1.0; CODE_SIGN_STYLE = Automatic; ENABLE_USER_SCRIPT_SANDBOXING = YES;  SWIFT_OPTIMIZATION_LEVEL = "-O"; }; };
C57128001CE614BF8549D6BB = { isa = XCConfigurationList; buildConfigurations = (7082CC0B6FC1282FCEABD07A,639A7CA24D39909E713B47F7); defaultConfigurationIsVisible = 0; defaultConfigurationName = Release; };
0E8A3AD980EC179856012B7E = { isa = PBXNativeTarget; buildConfigurationList = C57128001CE614BF8549D6BB; buildPhases = (BCE16DD0260827ECF338C787,7561BFB015D8F536760CB671,0189424A5A60FED329FA868E); buildRules = (); dependencies = (); name = MyThuso; productName = MyThuso; productReference = 38A007151ABE87CC01A5B6E9; productType = "com.apple.product-type.application"; };
98F54143AB4E86B28C3AFEE0 = { isa = PBXProject; attributes = { LastUpgradeCheck = 1600; }; buildConfigurationList = 862894B703A6DEDF96A9DD6C; compatibilityVersion = "Xcode 14.0"; developmentRegion = en; knownRegions = (en,Base); mainGroup = DC76E9F0C0006E8F919E0C51; productRefGroup = FBDC4F23F93125BBEEAE800C; projectDirPath = ""; projectRoot = ""; targets = (0E8A3AD980EC179856012B7E); };
}; rootObject = 98F54143AB4E86B28C3AFEE0; }
